// !$*UTF8*$!
{
	archiveVersion = 1;
	classes = {
	};
	objectVersion = 46;
	objects = {

/* Begin PBXBuildFile section */
		271845C31C0EA00D00C9E1DB /* UIView+Toast.m in Sources */ = {isa = PBXBuildFile; fileRef = 271845C21C0EA00D00C9E1DB /* UIView+Toast.m */; settings = {COMPILER_FLAGS = "-fno-objc-arc"; }; };
		271845C51C0EA02200C9E1DB /* QuartzCore.framework in Frameworks */ = {isa = PBXBuildFile; fileRef = 271845C41C0EA02200C9E1DB /* QuartzCore.framework */; };
		275070FE1C0BFBDA0051810B /* SCWelcomeViewController.m in Sources */ = {isa = PBXBuildFile; fileRef = 275070FD1C0BFBDA0051810B /* SCWelcomeViewController.m */; };
		275071011C0BFBFB0051810B /* SCStarterViewController.m in Sources */ = {isa = PBXBuildFile; fileRef = 275071001C0BFBFB0051810B /* SCStarterViewController.m */; };
		275071041C0BFC120051810B /* SCPlayerBoardViewController.m in Sources */ = {isa = PBXBuildFile; fileRef = 275071031C0BFC120051810B /* SCPlayerBoardViewController.m */; };
		275B3A581C1BB24A00F93A10 /* SCIpadCongController.m in Sources */ = {isa = PBXBuildFile; fileRef = 275B3A571C1BB24A00F93A10 /* SCIpadCongController.m */; };
		275B3A5B1C1BB26F00F93A10 /* SCIpadDrawController.m in Sources */ = {isa = PBXBuildFile; fileRef = 275B3A5A1C1BB26F00F93A10 /* SCIpadDrawController.m */; };
		277005631C04DE61003815DD /* main.m in Sources */ = {isa = PBXBuildFile; fileRef = 277005621C04DE61003815DD /* main.m */; };
		277005661C04DE61003815DD /* AppDelegate.m in Sources */ = {isa = PBXBuildFile; fileRef = 277005651C04DE61003815DD /* AppDelegate.m */; };
		2770056C1C04DE61003815DD /* Main.storyboard in Resources */ = {isa = PBXBuildFile; fileRef = 2770056A1C04DE61003815DD /* Main.storyboard */; settings = {ASSET_TAGS = (1, ); }; };
		2770056E1C04DE61003815DD /* Assets.xcassets in Resources */ = {isa = PBXBuildFile; fileRef = 2770056D1C04DE61003815DD /* Assets.xcassets */; };
		277005711C04DE61003815DD /* LaunchScreen.storyboard in Resources */ = {isa = PBXBuildFile; fileRef = 2770056F1C04DE61003815DD /* LaunchScreen.storyboard */; };
		2770057C1C04DE61003815DD /* SharedCardTests.m in Sources */ = {isa = PBXBuildFile; fileRef = 2770057B1C04DE61003815DD /* SharedCardTests.m */; };
		277005871C04DE61003815DD /* SharedCardUITests.m in Sources */ = {isa = PBXBuildFile; fileRef = 277005861C04DE61003815DD /* SharedCardUITests.m */; };
		27F85B7A1C0558AD00985BF5 /* SCGameBoardViewController.m in Sources */ = {isa = PBXBuildFile; fileRef = 27F85B791C0558AD00985BF5 /* SCGameBoardViewController.m */; };
		27F85B851C05A59400985BF5 /* MultipeerConnectivity.framework in Frameworks */ = {isa = PBXBuildFile; fileRef = 27F85B841C05A59400985BF5 /* MultipeerConnectivity.framework */; };
		27F85B8B1C05B79100985BF5 /* SCMCManager.m in Sources */ = {isa = PBXBuildFile; fileRef = 27F85B8A1C05B79100985BF5 /* SCMCManager.m */; };
		3E451F661C069C3C0080B546 /* Card.swift in Sources */ = {isa = PBXBuildFile; fileRef = 3E451F651C069C3C0080B546 /* Card.swift */; };
		3E451F681C069C450080B546 /* Game.swift in Sources */ = {isa = PBXBuildFile; fileRef = 3E451F671C069C450080B546 /* Game.swift */; };
		3E451F6A1C069C560080B546 /* Player.swift in Sources */ = {isa = PBXBuildFile; fileRef = 3E451F691C069C560080B546 /* Player.swift */; };
		CF3E91251C0E907400872115 /* head_1_b_b.png in Resources */ = {isa = PBXBuildFile; fileRef = CF3E91201C0E907400872115 /* head_1_b_b.png */; };
		CF3E91261C0E907400872115 /* head_2_b_b.png in Resources */ = {isa = PBXBuildFile; fileRef = CF3E91211C0E907400872115 /* head_2_b_b.png */; };
		CF3E91271C0E907400872115 /* head_3_b_b.png in Resources */ = {isa = PBXBuildFile; fileRef = CF3E91221C0E907400872115 /* head_3_b_b.png */; };
		CF3E91281C0E907400872115 /* head_4_b_b.png in Resources */ = {isa = PBXBuildFile; fileRef = CF3E91231C0E907400872115 /* head_4_b_b.png */; };
		CF3E91291C0E907400872115 /* head_5_b_b.png in Resources */ = {isa = PBXBuildFile; fileRef = CF3E91241C0E907400872115 /* head_5_b_b.png */; };
		CF3E91371C10075900872115 /* no_btn.png in Resources */ = {isa = PBXBuildFile; fileRef = CF3E91341C10075900872115 /* no_btn.png */; };
		CF3E91381C10075900872115 /* start-game.png in Resources */ = {isa = PBXBuildFile; fileRef = CF3E91351C10075900872115 /* start-game.png */; };
		CF3E91391C10075900872115 /* yes_btn.png in Resources */ = {isa = PBXBuildFile; fileRef = CF3E91361C10075900872115 /* yes_btn.png */; };
		CF497AE91C0BF5DC00A8B50F /* 1_1.png in Resources */ = {isa = PBXBuildFile; fileRef = CF497AB31C0BF5DC00A8B50F /* 1_1.png */; };
		CF497AEA1C0BF5DC00A8B50F /* 1_2.png in Resources */ = {isa = PBXBuildFile; fileRef = CF497AB41C0BF5DC00A8B50F /* 1_2.png */; };
		CF497AEB1C0BF5DC00A8B50F /* 1_3.png in Resources */ = {isa = PBXBuildFile; fileRef = CF497AB51C0BF5DC00A8B50F /* 1_3.png */; };
		CF497AEC1C0BF5DC00A8B50F /* 1_4.png in Resources */ = {isa = PBXBuildFile; fileRef = CF497AB61C0BF5DC00A8B50F /* 1_4.png */; };
		CF497AED1C0BF5DC00A8B50F /* 1_5.png in Resources */ = {isa = PBXBuildFile; fileRef = CF497AB71C0BF5DC00A8B50F /* 1_5.png */; };
		CF497AEE1C0BF5DC00A8B50F /* 1_6.png in Resources */ = {isa = PBXBuildFile; fileRef = CF497AB81C0BF5DC00A8B50F /* 1_6.png */; };
		CF497AEF1C0BF5DC00A8B50F /* 1_7.png in Resources */ = {isa = PBXBuildFile; fileRef = CF497AB91C0BF5DC00A8B50F /* 1_7.png */; };
		CF497AF01C0BF5DC00A8B50F /* 1_8.png in Resources */ = {isa = PBXBuildFile; fileRef = CF497ABA1C0BF5DC00A8B50F /* 1_8.png */; };
		CF497AF11C0BF5DC00A8B50F /* 1_9.png in Resources */ = {isa = PBXBuildFile; fileRef = CF497ABB1C0BF5DC00A8B50F /* 1_9.png */; };
		CF497AF21C0BF5DC00A8B50F /* 1_10.png in Resources */ = {isa = PBXBuildFile; fileRef = CF497ABC1C0BF5DC00A8B50F /* 1_10.png */; };
		CF497AF31C0BF5DC00A8B50F /* 1_J.png in Resources */ = {isa = PBXBuildFile; fileRef = CF497ABD1C0BF5DC00A8B50F /* 1_J.png */; };
		CF497AF41C0BF5DC00A8B50F /* 1_K.png in Resources */ = {isa = PBXBuildFile; fileRef = CF497ABE1C0BF5DC00A8B50F /* 1_K.png */; };
		CF497AF51C0BF5DC00A8B50F /* 1_Q.png in Resources */ = {isa = PBXBuildFile; fileRef = CF497ABF1C0BF5DC00A8B50F /* 1_Q.png */; };
		CF497AF61C0BF5DC00A8B50F /* 2_1.png in Resources */ = {isa = PBXBuildFile; fileRef = CF497AC01C0BF5DC00A8B50F /* 2_1.png */; };
		CF497AF71C0BF5DC00A8B50F /* 2_2.png in Resources */ = {isa = PBXBuildFile; fileRef = CF497AC11C0BF5DC00A8B50F /* 2_2.png */; };
		CF497AF81C0BF5DC00A8B50F /* 2_3.png in Resources */ = {isa = PBXBuildFile; fileRef = CF497AC21C0BF5DC00A8B50F /* 2_3.png */; };
		CF497AF91C0BF5DC00A8B50F /* 2_4.png in Resources */ = {isa = PBXBuildFile; fileRef = CF497AC31C0BF5DC00A8B50F /* 2_4.png */; };
		CF497B001C0BF5DC00A8B50F /* 2_J.png in Resources */ = {isa = PBXBuildFile; fileRef = CF497ACA1C0BF5DC00A8B50F /* 2_J.png */; };
		CF497B011C0BF5DC00A8B50F /* 2_K.png in Resources */ = {isa = PBXBuildFile; fileRef = CF497ACB1C0BF5DC00A8B50F /* 2_K.png */; };
		CF497B021C0BF5DC00A8B50F /* 2_Q.png in Resources */ = {isa = PBXBuildFile; fileRef = CF497ACC1C0BF5DC00A8B50F /* 2_Q.png */; };
		CF497B031C0BF5DC00A8B50F /* 3_1.png in Resources */ = {isa = PBXBuildFile; fileRef = CF497ACD1C0BF5DC00A8B50F /* 3_1.png */; };
		CF497B041C0BF5DC00A8B50F /* 3_2.png in Resources */ = {isa = PBXBuildFile; fileRef = CF497ACE1C0BF5DC00A8B50F /* 3_2.png */; };
		CF497B051C0BF5DC00A8B50F /* 3_3.png in Resources */ = {isa = PBXBuildFile; fileRef = CF497ACF1C0BF5DC00A8B50F /* 3_3.png */; };
		CF497B061C0BF5DC00A8B50F /* 3_4.png in Resources */ = {isa = PBXBuildFile; fileRef = CF497AD01C0BF5DC00A8B50F /* 3_4.png */; };
		CF497B071C0BF5DC00A8B50F /* 3_5.png in Resources */ = {isa = PBXBuildFile; fileRef = CF497AD11C0BF5DC00A8B50F /* 3_5.png */; };
		CF497B081C0BF5DC00A8B50F /* 3_6.png in Resources */ = {isa = PBXBuildFile; fileRef = CF497AD21C0BF5DC00A8B50F /* 3_6.png */; };
		CF497B091C0BF5DC00A8B50F /* 3_7.png in Resources */ = {isa = PBXBuildFile; fileRef = CF497AD31C0BF5DC00A8B50F /* 3_7.png */; };
		CF497B0A1C0BF5DC00A8B50F /* 3_8.png in Resources */ = {isa = PBXBuildFile; fileRef = CF497AD41C0BF5DC00A8B50F /* 3_8.png */; };
		CF497B0B1C0BF5DC00A8B50F /* 3_9.png in Resources */ = {isa = PBXBuildFile; fileRef = CF497AD51C0BF5DC00A8B50F /* 3_9.png */; };
		CF497B0C1C0BF5DC00A8B50F /* 3_10.png in Resources */ = {isa = PBXBuildFile; fileRef = CF497AD61C0BF5DC00A8B50F /* 3_10.png */; };
		CF497B0D1C0BF5DC00A8B50F /* 3_J.png in Resources */ = {isa = PBXBuildFile; fileRef = CF497AD71C0BF5DC00A8B50F /* 3_J.png */; };
		CF497B0E1C0BF5DC00A8B50F /* 3_K.png in Resources */ = {isa = PBXBuildFile; fileRef = CF497AD81C0BF5DC00A8B50F /* 3_K.png */; };
		CF497B0F1C0BF5DC00A8B50F /* 3_Q.png in Resources */ = {isa = PBXBuildFile; fileRef = CF497AD91C0BF5DC00A8B50F /* 3_Q.png */; };
		CF497B101C0BF5DC00A8B50F /* 4_1.png in Resources */ = {isa = PBXBuildFile; fileRef = CF497ADA1C0BF5DC00A8B50F /* 4_1.png */; };
		CF497B111C0BF5DC00A8B50F /* 4_2.png in Resources */ = {isa = PBXBuildFile; fileRef = CF497ADB1C0BF5DC00A8B50F /* 4_2.png */; };
		CF497B121C0BF5DC00A8B50F /* 4_3.png in Resources */ = {isa = PBXBuildFile; fileRef = CF497ADC1C0BF5DC00A8B50F /* 4_3.png */; };
		CF497B131C0BF5DC00A8B50F /* 4_4.png in Resources */ = {isa = PBXBuildFile; fileRef = CF497ADD1C0BF5DC00A8B50F /* 4_4.png */; };
		CF497B141C0BF5DC00A8B50F /* 4_5.png in Resources */ = {isa = PBXBuildFile; fileRef = CF497ADE1C0BF5DC00A8B50F /* 4_5.png */; };
		CF497B151C0BF5DC00A8B50F /* 4_6.png in Resources */ = {isa = PBXBuildFile; fileRef = CF497ADF1C0BF5DC00A8B50F /* 4_6.png */; };
		CF497B161C0BF5DC00A8B50F /* 4_7.png in Resources */ = {isa = PBXBuildFile; fileRef = CF497AE01C0BF5DC00A8B50F /* 4_7.png */; };
		CF497B171C0BF5DC00A8B50F /* 4_8.png in Resources */ = {isa = PBXBuildFile; fileRef = CF497AE11C0BF5DC00A8B50F /* 4_8.png */; };
		CF497B181C0BF5DC00A8B50F /* 4_9.png in Resources */ = {isa = PBXBuildFile; fileRef = CF497AE21C0BF5DC00A8B50F /* 4_9.png */; };
		CF497B191C0BF5DC00A8B50F /* 4_10.png in Resources */ = {isa = PBXBuildFile; fileRef = CF497AE31C0BF5DC00A8B50F /* 4_10.png */; };
		CF497B1A1C0BF5DC00A8B50F /* 4_J.png in Resources */ = {isa = PBXBuildFile; fileRef = CF497AE41C0BF5DC00A8B50F /* 4_J.png */; };
		CF497B1B1C0BF5DC00A8B50F /* 4_K.png in Resources */ = {isa = PBXBuildFile; fileRef = CF497AE51C0BF5DC00A8B50F /* 4_K.png */; };
		CF497B1C1C0BF5DC00A8B50F /* 4_Q.png in Resources */ = {isa = PBXBuildFile; fileRef = CF497AE61C0BF5DC00A8B50F /* 4_Q.png */; };
		CF497B251C0BF61900A8B50F /* bg3.png in Resources */ = {isa = PBXBuildFile; fileRef = CF497B1F1C0BF61900A8B50F /* bg3.png */; };
		CF497B261C0BF61900A8B50F /* bg1.jpg in Resources */ = {isa = PBXBuildFile; fileRef = CF497B201C0BF61900A8B50F /* bg1.jpg */; };
		CF497B2C1C0BF80100A8B50F /* LaunchScreen.png in Resources */ = {isa = PBXBuildFile; fileRef = CF497B2B1C0BF80100A8B50F /* LaunchScreen.png */; };
		CF497B5D1C0C5DE900A8B50F /* bg2_for2.png in Resources */ = {isa = PBXBuildFile; fileRef = CF497B4F1C0C5DE900A8B50F /* bg2_for2.png */; };
		CF497B5E1C0C5DE900A8B50F /* bg2_for3.png in Resources */ = {isa = PBXBuildFile; fileRef = CF497B501C0C5DE900A8B50F /* bg2_for3.png */; };
		CF497B611C0C5DE900A8B50F /* head_1_b.png in Resources */ = {isa = PBXBuildFile; fileRef = CF497B531C0C5DE900A8B50F /* head_1_b.png */; };
		CF497B621C0C5DE900A8B50F /* head_1.png in Resources */ = {isa = PBXBuildFile; fileRef = CF497B541C0C5DE900A8B50F /* head_1.png */; };
		CF497B631C0C5DE900A8B50F /* head_3_b.png in Resources */ = {isa = PBXBuildFile; fileRef = CF497B551C0C5DE900A8B50F /* head_3_b.png */; };
		CF497B641C0C5DE900A8B50F /* head_3.png in Resources */ = {isa = PBXBuildFile; fileRef = CF497B561C0C5DE900A8B50F /* head_3.png */; };
		CF497B651C0C5DE900A8B50F /* head_2_b.png in Resources */ = {isa = PBXBuildFile; fileRef = CF497B571C0C5DE900A8B50F /* head_2_b.png */; };
		CF497B661C0C5DE900A8B50F /* head_2.png in Resources */ = {isa = PBXBuildFile; fileRef = CF497B581C0C5DE900A8B50F /* head_2.png */; };
		CF497B671C0C5DE900A8B50F /* head_4_b.png in Resources */ = {isa = PBXBuildFile; fileRef = CF497B591C0C5DE900A8B50F /* head_4_b.png */; };
		CF497B681C0C5DE900A8B50F /* head_4.png in Resources */ = {isa = PBXBuildFile; fileRef = CF497B5A1C0C5DE900A8B50F /* head_4.png */; };
		CF497B691C0C5DE900A8B50F /* head_5_b.png in Resources */ = {isa = PBXBuildFile; fileRef = CF497B5B1C0C5DE900A8B50F /* head_5_b.png */; };
		CF497B6A1C0C5DE900A8B50F /* head_5.png in Resources */ = {isa = PBXBuildFile; fileRef = CF497B5C1C0C5DE900A8B50F /* head_5.png */; };
		CF4D55EC1C1A9E8700884A58 /* Cardicon.png in Resources */ = {isa = PBXBuildFile; fileRef = CF4D55EA1C1A9E8700884A58 /* Cardicon.png */; };
		CF4D55ED1C1A9E8700884A58 /* Cardicon2.png in Resources */ = {isa = PBXBuildFile; fileRef = CF4D55EB1C1A9E8700884A58 /* Cardicon2.png */; };
		CF4D55EF1C1AA23800884A58 /* bg4.png in Resources */ = {isa = PBXBuildFile; fileRef = CF4D55EE1C1AA23800884A58 /* bg4.png */; };
		CF4D55F21C1AA4CE00884A58 /* SCMyResultController.m in Sources */ = {isa = PBXBuildFile; fileRef = CF4D55F11C1AA4CE00884A58 /* SCMyResultController.m */; };
		CF4D55FB1C1AAC6800884A58 /* Win_iPad.png in Resources */ = {isa = PBXBuildFile; fileRef = CF4D55FA1C1AAC6800884A58 /* Win_iPad.png */; };
		CF4D55FD1C1AAD7C00884A58 /* Draw_Game.png in Resources */ = {isa = PBXBuildFile; fileRef = CF4D55FC1C1AAD7C00884A58 /* Draw_Game.png */; };
		CF4D56001C1AB00C00884A58 /* U_Lose.png in Resources */ = {isa = PBXBuildFile; fileRef = CF4D55FE1C1AB00C00884A58 /* U_Lose.png */; };
		CF4D56011C1AB00C00884A58 /* U_Win.png in Resources */ = {isa = PBXBuildFile; fileRef = CF4D55FF1C1AB00C00884A58 /* U_Win.png */; };
		CF4D560C1C1ABD0800884A58 /* NewGame_btn.png in Resources */ = {isa = PBXBuildFile; fileRef = CF4D560B1C1ABD0800884A58 /* NewGame_btn.png */; };
		CF4D56111C1AC2A200884A58 /* bgMusic.mp3 in Resources */ = {isa = PBXBuildFile; fileRef = CF4D560D1C1AC2A200884A58 /* bgMusic.mp3 */; };
		CF4D56121C1AC2A200884A58 /* gameStart:Over.wav in Resources */ = {isa = PBXBuildFile; fileRef = CF4D560E1C1AC2A200884A58 /* gameStart:Over.wav */; };
		CF4D56131C1AC2A200884A58 /* btnSound.wav in Resources */ = {isa = PBXBuildFile; fileRef = CF4D560F1C1AC2A200884A58 /* btnSound.wav */; };
		CF4D56141C1AC2A200884A58 /* getCard.wav in Resources */ = {isa = PBXBuildFile; fileRef = CF4D56101C1AC2A200884A58 /* getCard.wav */; };
		CF9A46AC1C06AF0000321F09 /* iPhone.storyboard in Resources */ = {isa = PBXBuildFile; fileRef = CF9A46AB1C06AF0000321F09 /* iPhone.storyboard */; };
		CFBF93D31C0D8315001BBC1E /* bg2.png in Resources */ = {isa = PBXBuildFile; fileRef = CFBF93D21C0D8315001BBC1E /* bg2.png */; };
		CFBF93D61C0D9898001BBC1E /* SCGameBoard3ViewController.m in Sources */ = {isa = PBXBuildFile; fileRef = CFBF93D51C0D9898001BBC1E /* SCGameBoard3ViewController.m */; };
		CFBF93DD1C0DA7CD001BBC1E /* 2_5.png in Resources */ = {isa = PBXBuildFile; fileRef = CFBF93D71C0DA7CD001BBC1E /* 2_5.png */; };
		CFBF93DE1C0DA7CD001BBC1E /* 2_6.png in Resources */ = {isa = PBXBuildFile; fileRef = CFBF93D81C0DA7CD001BBC1E /* 2_6.png */; };
		CFBF93DF1C0DA7CD001BBC1E /* 2_7.png in Resources */ = {isa = PBXBuildFile; fileRef = CFBF93D91C0DA7CD001BBC1E /* 2_7.png */; };
		CFBF93E01C0DA7CD001BBC1E /* 2_8.png in Resources */ = {isa = PBXBuildFile; fileRef = CFBF93DA1C0DA7CD001BBC1E /* 2_8.png */; };
		CFBF93E11C0DA7CD001BBC1E /* 2_9.png in Resources */ = {isa = PBXBuildFile; fileRef = CFBF93DB1C0DA7CD001BBC1E /* 2_9.png */; };
		CFBF93E21C0DA7CD001BBC1E /* 2_10.png in Resources */ = {isa = PBXBuildFile; fileRef = CFBF93DC1C0DA7CD001BBC1E /* 2_10.png */; };
		CFBF93E61C0DAC86001BBC1E /* transparent.png in Resources */ = {isa = PBXBuildFile; fileRef = CFBF93E51C0DAC86001BBC1E /* transparent.png */; };
		CFBF93E81C0DC55F001BBC1E /* Back.png in Resources */ = {isa = PBXBuildFile; fileRef = CFBF93E71C0DC55F001BBC1E /* Back.png */; };
/* End PBXBuildFile section */

/* Begin PBXContainerItemProxy section */
		277005781C04DE61003815DD /* PBXContainerItemProxy */ = {
			isa = PBXContainerItemProxy;
			containerPortal = 277005561C04DE61003815DD /* Project object */;
			proxyType = 1;
			remoteGlobalIDString = 2770055D1C04DE61003815DD;
			remoteInfo = SharedCard;
		};
		277005831C04DE61003815DD /* PBXContainerItemProxy */ = {
			isa = PBXContainerItemProxy;
			containerPortal = 277005561C04DE61003815DD /* Project object */;
			proxyType = 1;
			remoteGlobalIDString = 2770055D1C04DE61003815DD;
			remoteInfo = SharedCard;
		};
/* End PBXContainerItemProxy section */

/* Begin PBXFileReference section */
		271845C11C0EA00D00C9E1DB /* UIView+Toast.h */ = {isa = PBXFileReference; fileEncoding = 4; lastKnownFileType = sourcecode.c.h; path = "UIView+Toast.h"; sourceTree = "<group>"; };
		271845C21C0EA00D00C9E1DB /* UIView+Toast.m */ = {isa = PBXFileReference; fileEncoding = 4; lastKnownFileType = sourcecode.c.objc; path = "UIView+Toast.m"; sourceTree = "<group>"; };
		271845C41C0EA02200C9E1DB /* QuartzCore.framework */ = {isa = PBXFileReference; lastKnownFileType = wrapper.framework; name = QuartzCore.framework; path = System/Library/Frameworks/QuartzCore.framework; sourceTree = SDKROOT; };
		275070FC1C0BFBDA0051810B /* SCWelcomeViewController.h */ = {isa = PBXFileReference; fileEncoding = 4; lastKnownFileType = sourcecode.c.h; path = SCWelcomeViewController.h; sourceTree = "<group>"; };
		275070FD1C0BFBDA0051810B /* SCWelcomeViewController.m */ = {isa = PBXFileReference; fileEncoding = 4; lastKnownFileType = sourcecode.c.objc; path = SCWelcomeViewController.m; sourceTree = "<group>"; };
		275070FF1C0BFBFB0051810B /* SCStarterViewController.h */ = {isa = PBXFileReference; fileEncoding = 4; lastKnownFileType = sourcecode.c.h; path = SCStarterViewController.h; sourceTree = "<group>"; };
		275071001C0BFBFB0051810B /* SCStarterViewController.m */ = {isa = PBXFileReference; fileEncoding = 4; lastKnownFileType = sourcecode.c.objc; path = SCStarterViewController.m; sourceTree = "<group>"; };
		275071021C0BFC120051810B /* SCPlayerBoardViewController.h */ = {isa = PBXFileReference; fileEncoding = 4; lastKnownFileType = sourcecode.c.h; path = SCPlayerBoardViewController.h; sourceTree = "<group>"; };
		275071031C0BFC120051810B /* SCPlayerBoardViewController.m */ = {isa = PBXFileReference; fileEncoding = 4; lastKnownFileType = sourcecode.c.objc; path = SCPlayerBoardViewController.m; sourceTree = "<group>"; };
		275B3A561C1BB24A00F93A10 /* SCIpadCongController.h */ = {isa = PBXFileReference; fileEncoding = 4; lastKnownFileType = sourcecode.c.h; path = SCIpadCongController.h; sourceTree = "<group>"; };
		275B3A571C1BB24A00F93A10 /* SCIpadCongController.m */ = {isa = PBXFileReference; fileEncoding = 4; lastKnownFileType = sourcecode.c.objc; path = SCIpadCongController.m; sourceTree = "<group>"; };
		275B3A591C1BB26F00F93A10 /* SCIpadDrawController.h */ = {isa = PBXFileReference; fileEncoding = 4; lastKnownFileType = sourcecode.c.h; path = SCIpadDrawController.h; sourceTree = "<group>"; };
		275B3A5A1C1BB26F00F93A10 /* SCIpadDrawController.m */ = {isa = PBXFileReference; fileEncoding = 4; lastKnownFileType = sourcecode.c.objc; path = SCIpadDrawController.m; sourceTree = "<group>"; };
		2770055E1C04DE61003815DD /* SharedCard.app */ = {isa = PBXFileReference; explicitFileType = wrapper.application; includeInIndex = 0; path = SharedCard.app; sourceTree = BUILT_PRODUCTS_DIR; };
		277005621C04DE61003815DD /* main.m */ = {isa = PBXFileReference; lastKnownFileType = sourcecode.c.objc; path = main.m; sourceTree = "<group>"; };
		277005641C04DE61003815DD /* AppDelegate.h */ = {isa = PBXFileReference; lastKnownFileType = sourcecode.c.h; name = AppDelegate.h; path = ../AppDelegate.h; sourceTree = "<group>"; };
		277005651C04DE61003815DD /* AppDelegate.m */ = {isa = PBXFileReference; lastKnownFileType = sourcecode.c.objc; path = AppDelegate.m; sourceTree = "<group>"; };
		2770056B1C04DE61003815DD /* Base */ = {isa = PBXFileReference; lastKnownFileType = file.storyboard; name = Base; path = Base.lproj/Main.storyboard; sourceTree = "<group>"; };
		2770056D1C04DE61003815DD /* Assets.xcassets */ = {isa = PBXFileReference; lastKnownFileType = folder.assetcatalog; path = Assets.xcassets; sourceTree = "<group>"; };
		277005701C04DE61003815DD /* Base */ = {isa = PBXFileReference; lastKnownFileType = file.storyboard; name = Base; path = Base.lproj/LaunchScreen.storyboard; sourceTree = "<group>"; };
		277005721C04DE61003815DD /* Info.plist */ = {isa = PBXFileReference; lastKnownFileType = text.plist.xml; path = Info.plist; sourceTree = "<group>"; };
		277005771C04DE61003815DD /* SharedCardTests.xctest */ = {isa = PBXFileReference; explicitFileType = wrapper.cfbundle; includeInIndex = 0; path = SharedCardTests.xctest; sourceTree = BUILT_PRODUCTS_DIR; };
		2770057B1C04DE61003815DD /* SharedCardTests.m */ = {isa = PBXFileReference; lastKnownFileType = sourcecode.c.objc; path = SharedCardTests.m; sourceTree = "<group>"; };
		2770057D1C04DE61003815DD /* Info.plist */ = {isa = PBXFileReference; lastKnownFileType = text.plist.xml; path = Info.plist; sourceTree = "<group>"; };
		277005821C04DE61003815DD /* SharedCardUITests.xctest */ = {isa = PBXFileReference; explicitFileType = wrapper.cfbundle; includeInIndex = 0; path = SharedCardUITests.xctest; sourceTree = BUILT_PRODUCTS_DIR; };
		277005861C04DE61003815DD /* SharedCardUITests.m */ = {isa = PBXFileReference; lastKnownFileType = sourcecode.c.objc; path = SharedCardUITests.m; sourceTree = "<group>"; };
		277005881C04DE61003815DD /* Info.plist */ = {isa = PBXFileReference; lastKnownFileType = text.plist.xml; path = Info.plist; sourceTree = "<group>"; };
		27F85B781C0558AD00985BF5 /* SCGameBoardViewController.h */ = {isa = PBXFileReference; fileEncoding = 4; lastKnownFileType = sourcecode.c.h; path = SCGameBoardViewController.h; sourceTree = "<group>"; };
		27F85B791C0558AD00985BF5 /* SCGameBoardViewController.m */ = {isa = PBXFileReference; fileEncoding = 4; lastKnownFileType = sourcecode.c.objc; path = SCGameBoardViewController.m; sourceTree = "<group>"; };
		27F85B841C05A59400985BF5 /* MultipeerConnectivity.framework */ = {isa = PBXFileReference; lastKnownFileType = wrapper.framework; name = MultipeerConnectivity.framework; path = System/Library/Frameworks/MultipeerConnectivity.framework; sourceTree = SDKROOT; };
		27F85B891C05B79100985BF5 /* SCMCManager.h */ = {isa = PBXFileReference; fileEncoding = 4; lastKnownFileType = sourcecode.c.h; path = SCMCManager.h; sourceTree = "<group>"; };
		27F85B8A1C05B79100985BF5 /* SCMCManager.m */ = {isa = PBXFileReference; fileEncoding = 4; lastKnownFileType = sourcecode.c.objc; path = SCMCManager.m; sourceTree = "<group>"; };
		3E451F641C069C3B0080B546 /* SharedCard-Bridging-Header.h */ = {isa = PBXFileReference; lastKnownFileType = sourcecode.c.h; path = "SharedCard-Bridging-Header.h"; sourceTree = "<group>"; };
		3E451F651C069C3C0080B546 /* Card.swift */ = {isa = PBXFileReference; fileEncoding = 4; lastKnownFileType = sourcecode.swift; path = Card.swift; sourceTree = "<group>"; };
		3E451F671C069C450080B546 /* Game.swift */ = {isa = PBXFileReference; fileEncoding = 4; lastKnownFileType = sourcecode.swift; path = Game.swift; sourceTree = "<group>"; };
		3E451F691C069C560080B546 /* Player.swift */ = {isa = PBXFileReference; fileEncoding = 4; lastKnownFileType = sourcecode.swift; path = Player.swift; sourceTree = "<group>"; };
		CF3E91201C0E907400872115 /* head_1_b_b.png */ = {isa = PBXFileReference; lastKnownFileType = image.png; path = head_1_b_b.png; sourceTree = "<group>"; };
		CF3E91211C0E907400872115 /* head_2_b_b.png */ = {isa = PBXFileReference; lastKnownFileType = image.png; path = head_2_b_b.png; sourceTree = "<group>"; };
		CF3E91221C0E907400872115 /* head_3_b_b.png */ = {isa = PBXFileReference; lastKnownFileType = image.png; path = head_3_b_b.png; sourceTree = "<group>"; };
		CF3E91231C0E907400872115 /* head_4_b_b.png */ = {isa = PBXFileReference; lastKnownFileType = image.png; path = head_4_b_b.png; sourceTree = "<group>"; };
		CF3E91241C0E907400872115 /* head_5_b_b.png */ = {isa = PBXFileReference; lastKnownFileType = image.png; path = head_5_b_b.png; sourceTree = "<group>"; };
		CF3E91341C10075900872115 /* no_btn.png */ = {isa = PBXFileReference; lastKnownFileType = image.png; path = no_btn.png; sourceTree = "<group>"; };
		CF3E91351C10075900872115 /* start-game.png */ = {isa = PBXFileReference; lastKnownFileType = image.png; path = "start-game.png"; sourceTree = "<group>"; };
		CF3E91361C10075900872115 /* yes_btn.png */ = {isa = PBXFileReference; lastKnownFileType = image.png; path = yes_btn.png; sourceTree = "<group>"; };
		CF497AB31C0BF5DC00A8B50F /* 1_1.png */ = {isa = PBXFileReference; lastKnownFileType = image.png; path = 1_1.png; sourceTree = "<group>"; };
		CF497AB41C0BF5DC00A8B50F /* 1_2.png */ = {isa = PBXFileReference; lastKnownFileType = image.png; path = 1_2.png; sourceTree = "<group>"; };
		CF497AB51C0BF5DC00A8B50F /* 1_3.png */ = {isa = PBXFileReference; lastKnownFileType = image.png; path = 1_3.png; sourceTree = "<group>"; };
		CF497AB61C0BF5DC00A8B50F /* 1_4.png */ = {isa = PBXFileReference; lastKnownFileType = image.png; path = 1_4.png; sourceTree = "<group>"; };
		CF497AB71C0BF5DC00A8B50F /* 1_5.png */ = {isa = PBXFileReference; lastKnownFileType = image.png; path = 1_5.png; sourceTree = "<group>"; };
		CF497AB81C0BF5DC00A8B50F /* 1_6.png */ = {isa = PBXFileReference; lastKnownFileType = image.png; path = 1_6.png; sourceTree = "<group>"; };
		CF497AB91C0BF5DC00A8B50F /* 1_7.png */ = {isa = PBXFileReference; lastKnownFileType = image.png; path = 1_7.png; sourceTree = "<group>"; };
		CF497ABA1C0BF5DC00A8B50F /* 1_8.png */ = {isa = PBXFileReference; lastKnownFileType = image.png; path = 1_8.png; sourceTree = "<group>"; };
		CF497ABB1C0BF5DC00A8B50F /* 1_9.png */ = {isa = PBXFileReference; lastKnownFileType = image.png; path = 1_9.png; sourceTree = "<group>"; };
		CF497ABC1C0BF5DC00A8B50F /* 1_10.png */ = {isa = PBXFileReference; lastKnownFileType = image.png; path = 1_10.png; sourceTree = "<group>"; };
		CF497ABD1C0BF5DC00A8B50F /* 1_J.png */ = {isa = PBXFileReference; lastKnownFileType = image.png; path = 1_J.png; sourceTree = "<group>"; };
		CF497ABE1C0BF5DC00A8B50F /* 1_K.png */ = {isa = PBXFileReference; lastKnownFileType = image.png; path = 1_K.png; sourceTree = "<group>"; };
		CF497ABF1C0BF5DC00A8B50F /* 1_Q.png */ = {isa = PBXFileReference; lastKnownFileType = image.png; path = 1_Q.png; sourceTree = "<group>"; };
		CF497AC01C0BF5DC00A8B50F /* 2_1.png */ = {isa = PBXFileReference; lastKnownFileType = image.png; path = 2_1.png; sourceTree = "<group>"; };
		CF497AC11C0BF5DC00A8B50F /* 2_2.png */ = {isa = PBXFileReference; lastKnownFileType = image.png; path = 2_2.png; sourceTree = "<group>"; };
		CF497AC21C0BF5DC00A8B50F /* 2_3.png */ = {isa = PBXFileReference; lastKnownFileType = image.png; path = 2_3.png; sourceTree = "<group>"; };
		CF497AC31C0BF5DC00A8B50F /* 2_4.png */ = {isa = PBXFileReference; lastKnownFileType = image.png; path = 2_4.png; sourceTree = "<group>"; };
		CF497ACA1C0BF5DC00A8B50F /* 2_J.png */ = {isa = PBXFileReference; lastKnownFileType = image.png; path = 2_J.png; sourceTree = "<group>"; };
		CF497ACB1C0BF5DC00A8B50F /* 2_K.png */ = {isa = PBXFileReference; lastKnownFileType = image.png; path = 2_K.png; sourceTree = "<group>"; };
		CF497ACC1C0BF5DC00A8B50F /* 2_Q.png */ = {isa = PBXFileReference; lastKnownFileType = image.png; path = 2_Q.png; sourceTree = "<group>"; };
		CF497ACD1C0BF5DC00A8B50F /* 3_1.png */ = {isa = PBXFileReference; lastKnownFileType = image.png; path = 3_1.png; sourceTree = "<group>"; };
		CF497ACE1C0BF5DC00A8B50F /* 3_2.png */ = {isa = PBXFileReference; lastKnownFileType = image.png; path = 3_2.png; sourceTree = "<group>"; };
		CF497ACF1C0BF5DC00A8B50F /* 3_3.png */ = {isa = PBXFileReference; lastKnownFileType = image.png; path = 3_3.png; sourceTree = "<group>"; };
		CF497AD01C0BF5DC00A8B50F /* 3_4.png */ = {isa = PBXFileReference; lastKnownFileType = image.png; path = 3_4.png; sourceTree = "<group>"; };
		CF497AD11C0BF5DC00A8B50F /* 3_5.png */ = {isa = PBXFileReference; lastKnownFileType = image.png; path = 3_5.png; sourceTree = "<group>"; };
		CF497AD21C0BF5DC00A8B50F /* 3_6.png */ = {isa = PBXFileReference; lastKnownFileType = image.png; path = 3_6.png; sourceTree = "<group>"; };
		CF497AD31C0BF5DC00A8B50F /* 3_7.png */ = {isa = PBXFileReference; lastKnownFileType = image.png; path = 3_7.png; sourceTree = "<group>"; };
		CF497AD41C0BF5DC00A8B50F /* 3_8.png */ = {isa = PBXFileReference; lastKnownFileType = image.png; path = 3_8.png; sourceTree = "<group>"; };
		CF497AD51C0BF5DC00A8B50F /* 3_9.png */ = {isa = PBXFileReference; lastKnownFileType = image.png; path = 3_9.png; sourceTree = "<group>"; };
		CF497AD61C0BF5DC00A8B50F /* 3_10.png */ = {isa = PBXFileReference; lastKnownFileType = image.png; path = 3_10.png; sourceTree = "<group>"; };
		CF497AD71C0BF5DC00A8B50F /* 3_J.png */ = {isa = PBXFileReference; lastKnownFileType = image.png; path = 3_J.png; sourceTree = "<group>"; };
		CF497AD81C0BF5DC00A8B50F /* 3_K.png */ = {isa = PBXFileReference; lastKnownFileType = image.png; path = 3_K.png; sourceTree = "<group>"; };
		CF497AD91C0BF5DC00A8B50F /* 3_Q.png */ = {isa = PBXFileReference; lastKnownFileType = image.png; path = 3_Q.png; sourceTree = "<group>"; };
		CF497ADA1C0BF5DC00A8B50F /* 4_1.png */ = {isa = PBXFileReference; lastKnownFileType = image.png; path = 4_1.png; sourceTree = "<group>"; };
		CF497ADB1C0BF5DC00A8B50F /* 4_2.png */ = {isa = PBXFileReference; lastKnownFileType = image.png; path = 4_2.png; sourceTree = "<group>"; };
		CF497ADC1C0BF5DC00A8B50F /* 4_3.png */ = {isa = PBXFileReference; lastKnownFileType = image.png; path = 4_3.png; sourceTree = "<group>"; };
		CF497ADD1C0BF5DC00A8B50F /* 4_4.png */ = {isa = PBXFileReference; lastKnownFileType = image.png; path = 4_4.png; sourceTree = "<group>"; };
		CF497ADE1C0BF5DC00A8B50F /* 4_5.png */ = {isa = PBXFileReference; lastKnownFileType = image.png; path = 4_5.png; sourceTree = "<group>"; };
		CF497ADF1C0BF5DC00A8B50F /* 4_6.png */ = {isa = PBXFileReference; lastKnownFileType = image.png; path = 4_6.png; sourceTree = "<group>"; };
		CF497AE01C0BF5DC00A8B50F /* 4_7.png */ = {isa = PBXFileReference; lastKnownFileType = image.png; path = 4_7.png; sourceTree = "<group>"; };
		CF497AE11C0BF5DC00A8B50F /* 4_8.png */ = {isa = PBXFileReference; lastKnownFileType = image.png; path = 4_8.png; sourceTree = "<group>"; };
		CF497AE21C0BF5DC00A8B50F /* 4_9.png */ = {isa = PBXFileReference; lastKnownFileType = image.png; path = 4_9.png; sourceTree = "<group>"; };
		CF497AE31C0BF5DC00A8B50F /* 4_10.png */ = {isa = PBXFileReference; lastKnownFileType = image.png; path = 4_10.png; sourceTree = "<group>"; };
		CF497AE41C0BF5DC00A8B50F /* 4_J.png */ = {isa = PBXFileReference; lastKnownFileType = image.png; path = 4_J.png; sourceTree = "<group>"; };
		CF497AE51C0BF5DC00A8B50F /* 4_K.png */ = {isa = PBXFileReference; lastKnownFileType = image.png; path = 4_K.png; sourceTree = "<group>"; };
		CF497AE61C0BF5DC00A8B50F /* 4_Q.png */ = {isa = PBXFileReference; lastKnownFileType = image.png; path = 4_Q.png; sourceTree = "<group>"; };
		CF497B1F1C0BF61900A8B50F /* bg3.png */ = {isa = PBXFileReference; lastKnownFileType = image.png; path = bg3.png; sourceTree = "<group>"; };
		CF497B201C0BF61900A8B50F /* bg1.jpg */ = {isa = PBXFileReference; lastKnownFileType = image.jpeg; path = bg1.jpg; sourceTree = "<group>"; };
		CF497B2B1C0BF80100A8B50F /* LaunchScreen.png */ = {isa = PBXFileReference; lastKnownFileType = image.png; path = LaunchScreen.png; sourceTree = "<group>"; };
		CF497B4F1C0C5DE900A8B50F /* bg2_for2.png */ = {isa = PBXFileReference; lastKnownFileType = image.png; path = bg2_for2.png; sourceTree = "<group>"; };
		CF497B501C0C5DE900A8B50F /* bg2_for3.png */ = {isa = PBXFileReference; lastKnownFileType = image.png; path = bg2_for3.png; sourceTree = "<group>"; };
		CF497B531C0C5DE900A8B50F /* head_1_b.png */ = {isa = PBXFileReference; lastKnownFileType = image.png; path = head_1_b.png; sourceTree = "<group>"; };
		CF497B541C0C5DE900A8B50F /* head_1.png */ = {isa = PBXFileReference; lastKnownFileType = image.png; path = head_1.png; sourceTree = "<group>"; };
		CF497B551C0C5DE900A8B50F /* head_3_b.png */ = {isa = PBXFileReference; lastKnownFileType = image.png; path = head_3_b.png; sourceTree = "<group>"; };
		CF497B561C0C5DE900A8B50F /* head_3.png */ = {isa = PBXFileReference; lastKnownFileType = image.png; path = head_3.png; sourceTree = "<group>"; };
		CF497B571C0C5DE900A8B50F /* head_2_b.png */ = {isa = PBXFileReference; lastKnownFileType = image.png; path = head_2_b.png; sourceTree = "<group>"; };
		CF497B581C0C5DE900A8B50F /* head_2.png */ = {isa = PBXFileReference; lastKnownFileType = image.png; path = head_2.png; sourceTree = "<group>"; };
		CF497B591C0C5DE900A8B50F /* head_4_b.png */ = {isa = PBXFileReference; lastKnownFileType = image.png; path = head_4_b.png; sourceTree = "<group>"; };
		CF497B5A1C0C5DE900A8B50F /* head_4.png */ = {isa = PBXFileReference; lastKnownFileType = image.png; path = head_4.png; sourceTree = "<group>"; };
		CF497B5B1C0C5DE900A8B50F /* head_5_b.png */ = {isa = PBXFileReference; lastKnownFileType = image.png; path = head_5_b.png; sourceTree = "<group>"; };
		CF497B5C1C0C5DE900A8B50F /* head_5.png */ = {isa = PBXFileReference; lastKnownFileType = image.png; path = head_5.png; sourceTree = "<group>"; };
		CF4D55EA1C1A9E8700884A58 /* Cardicon.png */ = {isa = PBXFileReference; lastKnownFileType = image.png; path = Cardicon.png; sourceTree = "<group>"; };
		CF4D55EB1C1A9E8700884A58 /* Cardicon2.png */ = {isa = PBXFileReference; lastKnownFileType = image.png; path = Cardicon2.png; sourceTree = "<group>"; };
		CF4D55EE1C1AA23800884A58 /* bg4.png */ = {isa = PBXFileReference; lastKnownFileType = image.png; path = bg4.png; sourceTree = "<group>"; };
		CF4D55F01C1AA4AD00884A58 /* SCMyResultController.h */ = {isa = PBXFileReference; fileEncoding = 4; lastKnownFileType = sourcecode.c.h; path = SCMyResultController.h; sourceTree = "<group>"; };
		CF4D55F11C1AA4CE00884A58 /* SCMyResultController.m */ = {isa = PBXFileReference; fileEncoding = 4; lastKnownFileType = sourcecode.c.objc; path = SCMyResultController.m; sourceTree = "<group>"; };
		CF4D55FA1C1AAC6800884A58 /* Win_iPad.png */ = {isa = PBXFileReference; lastKnownFileType = image.png; path = Win_iPad.png; sourceTree = "<group>"; };
		CF4D55FC1C1AAD7C00884A58 /* Draw_Game.png */ = {isa = PBXFileReference; lastKnownFileType = image.png; path = Draw_Game.png; sourceTree = "<group>"; };
		CF4D55FE1C1AB00C00884A58 /* U_Lose.png */ = {isa = PBXFileReference; lastKnownFileType = image.png; path = U_Lose.png; sourceTree = "<group>"; };
		CF4D55FF1C1AB00C00884A58 /* U_Win.png */ = {isa = PBXFileReference; lastKnownFileType = image.png; path = U_Win.png; sourceTree = "<group>"; };
		CF4D560B1C1ABD0800884A58 /* NewGame_btn.png */ = {isa = PBXFileReference; lastKnownFileType = image.png; path = NewGame_btn.png; sourceTree = "<group>"; };
		CF4D560D1C1AC2A200884A58 /* bgMusic.mp3 */ = {isa = PBXFileReference; lastKnownFileType = audio.mp3; path = bgMusic.mp3; sourceTree = "<group>"; };
		CF4D560E1C1AC2A200884A58 /* gameStart:Over.wav */ = {isa = PBXFileReference; lastKnownFileType = audio.wav; path = "gameStart:Over.wav"; sourceTree = "<group>"; };
		CF4D560F1C1AC2A200884A58 /* btnSound.wav */ = {isa = PBXFileReference; lastKnownFileType = audio.wav; path = btnSound.wav; sourceTree = "<group>"; };
		CF4D56101C1AC2A200884A58 /* getCard.wav */ = {isa = PBXFileReference; lastKnownFileType = audio.wav; path = getCard.wav; sourceTree = "<group>"; };
		CF9A46AB1C06AF0000321F09 /* iPhone.storyboard */ = {isa = PBXFileReference; fileEncoding = 4; lastKnownFileType = file.storyboard; path = iPhone.storyboard; sourceTree = "<group>"; };
		CFBF93D21C0D8315001BBC1E /* bg2.png */ = {isa = PBXFileReference; lastKnownFileType = image.png; path = bg2.png; sourceTree = "<group>"; };
		CFBF93D41C0D9898001BBC1E /* SCGameBoard3ViewController.h */ = {isa = PBXFileReference; fileEncoding = 4; lastKnownFileType = sourcecode.c.h; name = SCGameBoard3ViewController.h; path = ../SCGameBoard3ViewController.h; sourceTree = "<group>"; };
		CFBF93D51C0D9898001BBC1E /* SCGameBoard3ViewController.m */ = {isa = PBXFileReference; fileEncoding = 4; lastKnownFileType = sourcecode.c.objc; name = SCGameBoard3ViewController.m; path = ../SCGameBoard3ViewController.m; sourceTree = "<group>"; };
		CFBF93D71C0DA7CD001BBC1E /* 2_5.png */ = {isa = PBXFileReference; lastKnownFileType = image.png; path = 2_5.png; sourceTree = "<group>"; };
		CFBF93D81C0DA7CD001BBC1E /* 2_6.png */ = {isa = PBXFileReference; lastKnownFileType = image.png; path = 2_6.png; sourceTree = "<group>"; };
		CFBF93D91C0DA7CD001BBC1E /* 2_7.png */ = {isa = PBXFileReference; lastKnownFileType = image.png; path = 2_7.png; sourceTree = "<group>"; };
		CFBF93DA1C0DA7CD001BBC1E /* 2_8.png */ = {isa = PBXFileReference; lastKnownFileType = image.png; path = 2_8.png; sourceTree = "<group>"; };
		CFBF93DB1C0DA7CD001BBC1E /* 2_9.png */ = {isa = PBXFileReference; lastKnownFileType = image.png; path = 2_9.png; sourceTree = "<group>"; };
		CFBF93DC1C0DA7CD001BBC1E /* 2_10.png */ = {isa = PBXFileReference; lastKnownFileType = image.png; path = 2_10.png; sourceTree = "<group>"; };
		CFBF93E51C0DAC86001BBC1E /* transparent.png */ = {isa = PBXFileReference; lastKnownFileType = image.png; path = transparent.png; sourceTree = "<group>"; };
		CFBF93E71C0DC55F001BBC1E /* Back.png */ = {isa = PBXFileReference; lastKnownFileType = image.png; path = Back.png; sourceTree = "<group>"; };
/* End PBXFileReference section */

/* Begin PBXFrameworksBuildPhase section */
		2770055B1C04DE61003815DD /* Frameworks */ = {
			isa = PBXFrameworksBuildPhase;
			buildActionMask = 2147483647;
			files = (
				271845C51C0EA02200C9E1DB /* QuartzCore.framework in Frameworks */,
				27F85B851C05A59400985BF5 /* MultipeerConnectivity.framework in Frameworks */,
			);
			runOnlyForDeploymentPostprocessing = 0;
		};
		277005741C04DE61003815DD /* Frameworks */ = {
			isa = PBXFrameworksBuildPhase;
			buildActionMask = 2147483647;
			files = (
			);
			runOnlyForDeploymentPostprocessing = 0;
		};
		2770057F1C04DE61003815DD /* Frameworks */ = {
			isa = PBXFrameworksBuildPhase;
			buildActionMask = 2147483647;
			files = (
			);
			runOnlyForDeploymentPostprocessing = 0;
		};
/* End PBXFrameworksBuildPhase section */

/* Begin PBXGroup section */
		271845BF1C0EA00D00C9E1DB /* tools */ = {
			isa = PBXGroup;
			children = (
				271845C01C0EA00D00C9E1DB /* toast */,
			);
			path = tools;
			sourceTree = "<group>";
		};
		271845C01C0EA00D00C9E1DB /* toast */ = {
			isa = PBXGroup;
			children = (
				271845C11C0EA00D00C9E1DB /* UIView+Toast.h */,
				271845C21C0EA00D00C9E1DB /* UIView+Toast.m */,
			);
			path = toast;
			sourceTree = "<group>";
		};
		277005551C04DE61003815DD = {
			isa = PBXGroup;
			children = (
				271845C41C0EA02200C9E1DB /* QuartzCore.framework */,
				27F85B841C05A59400985BF5 /* MultipeerConnectivity.framework */,
				277005601C04DE61003815DD /* SharedCard */,
				2770057A1C04DE61003815DD /* SharedCardTests */,
				277005851C04DE61003815DD /* SharedCardUITests */,
				2770055F1C04DE61003815DD /* Products */,
			);
			sourceTree = "<group>";
		};
		2770055F1C04DE61003815DD /* Products */ = {
			isa = PBXGroup;
			children = (
				2770055E1C04DE61003815DD /* SharedCard.app */,
				277005771C04DE61003815DD /* SharedCardTests.xctest */,
				277005821C04DE61003815DD /* SharedCardUITests.xctest */,
			);
			name = Products;
			sourceTree = "<group>";
		};
		277005601C04DE61003815DD /* SharedCard */ = {
			isa = PBXGroup;
			children = (
				271845BF1C0EA00D00C9E1DB /* tools */,
				277005941C04DE96003815DD /* controllers */,
				277005951C04DE96003815DD /* models */,
				277005961C04DE96003815DD /* views */,
				277005651C04DE61003815DD /* AppDelegate.m */,
				2770056A1C04DE61003815DD /* Main.storyboard */,
				CF9A46AB1C06AF0000321F09 /* iPhone.storyboard */,
				2770056D1C04DE61003815DD /* Assets.xcassets */,
				2770056F1C04DE61003815DD /* LaunchScreen.storyboard */,
				277005721C04DE61003815DD /* Info.plist */,
				277005611C04DE61003815DD /* Supporting Files */,
			);
			path = SharedCard;
			sourceTree = "<group>";
		};
		277005611C04DE61003815DD /* Supporting Files */ = {
			isa = PBXGroup;
			children = (
				CF4D560D1C1AC2A200884A58 /* bgMusic.mp3 */,
				CF4D560E1C1AC2A200884A58 /* gameStart:Over.wav */,
				CF4D560F1C1AC2A200884A58 /* btnSound.wav */,
				CF4D56101C1AC2A200884A58 /* getCard.wav */,
				CF497B201C0BF61900A8B50F /* bg1.jpg */,
				CFBF93D21C0D8315001BBC1E /* bg2.png */,
				CF497B4F1C0C5DE900A8B50F /* bg2_for2.png */,
				CF497B501C0C5DE900A8B50F /* bg2_for3.png */,
				CF497B1F1C0BF61900A8B50F /* bg3.png */,
				CF4D55EE1C1AA23800884A58 /* bg4.png */,
				CF497B2B1C0BF80100A8B50F /* LaunchScreen.png */,
				CF4D55FA1C1AAC6800884A58 /* Win_iPad.png */,
				CF4D55FC1C1AAD7C00884A58 /* Draw_Game.png */,
				CF4D55FF1C1AB00C00884A58 /* U_Win.png */,
				CF4D55FE1C1AB00C00884A58 /* U_Lose.png */,
				CF3E91351C10075900872115 /* start-game.png */,
				CF4D560B1C1ABD0800884A58 /* NewGame_btn.png */,
				CF3E91361C10075900872115 /* yes_btn.png */,
				CF3E91341C10075900872115 /* no_btn.png */,
				CF4D55EA1C1A9E8700884A58 /* Cardicon.png */,
				CF4D55EB1C1A9E8700884A58 /* Cardicon2.png */,
				CF3E91201C0E907400872115 /* head_1_b_b.png */,
				CF3E91211C0E907400872115 /* head_2_b_b.png */,
				CF3E91221C0E907400872115 /* head_3_b_b.png */,
				CF3E91231C0E907400872115 /* head_4_b_b.png */,
				CF3E91241C0E907400872115 /* head_5_b_b.png */,
				CF497B531C0C5DE900A8B50F /* head_1_b.png */,
				CF497B571C0C5DE900A8B50F /* head_2_b.png */,
				CF497B551C0C5DE900A8B50F /* head_3_b.png */,
				CF497B591C0C5DE900A8B50F /* head_4_b.png */,
				CF497B5B1C0C5DE900A8B50F /* head_5_b.png */,
				CF497B541C0C5DE900A8B50F /* head_1.png */,
				CF497B581C0C5DE900A8B50F /* head_2.png */,
				CF497B561C0C5DE900A8B50F /* head_3.png */,
				CF497B5A1C0C5DE900A8B50F /* head_4.png */,
				CF497B5C1C0C5DE900A8B50F /* head_5.png */,
				CFBF93E71C0DC55F001BBC1E /* Back.png */,
				CFBF93E51C0DAC86001BBC1E /* transparent.png */,
				CF497AB31C0BF5DC00A8B50F /* 1_1.png */,
				CF497AB41C0BF5DC00A8B50F /* 1_2.png */,
				CF497AB51C0BF5DC00A8B50F /* 1_3.png */,
				CF497AB61C0BF5DC00A8B50F /* 1_4.png */,
				CF497AB71C0BF5DC00A8B50F /* 1_5.png */,
				CF497AB81C0BF5DC00A8B50F /* 1_6.png */,
				CF497AB91C0BF5DC00A8B50F /* 1_7.png */,
				CF497ABA1C0BF5DC00A8B50F /* 1_8.png */,
				CF497ABB1C0BF5DC00A8B50F /* 1_9.png */,
				CF497ABC1C0BF5DC00A8B50F /* 1_10.png */,
				CF497ABD1C0BF5DC00A8B50F /* 1_J.png */,
				CF497ABE1C0BF5DC00A8B50F /* 1_K.png */,
				CF497ABF1C0BF5DC00A8B50F /* 1_Q.png */,
				CF497AC01C0BF5DC00A8B50F /* 2_1.png */,
				CF497AC11C0BF5DC00A8B50F /* 2_2.png */,
				CF497AC21C0BF5DC00A8B50F /* 2_3.png */,
				CF497AC31C0BF5DC00A8B50F /* 2_4.png */,
				CFBF93D71C0DA7CD001BBC1E /* 2_5.png */,
				CFBF93D81C0DA7CD001BBC1E /* 2_6.png */,
				CFBF93D91C0DA7CD001BBC1E /* 2_7.png */,
				CFBF93DA1C0DA7CD001BBC1E /* 2_8.png */,
				CFBF93DB1C0DA7CD001BBC1E /* 2_9.png */,
				CFBF93DC1C0DA7CD001BBC1E /* 2_10.png */,
				CF497ACA1C0BF5DC00A8B50F /* 2_J.png */,
				CF497ACB1C0BF5DC00A8B50F /* 2_K.png */,
				CF497ACC1C0BF5DC00A8B50F /* 2_Q.png */,
				CF497ACD1C0BF5DC00A8B50F /* 3_1.png */,
				CF497ACE1C0BF5DC00A8B50F /* 3_2.png */,
				CF497ACF1C0BF5DC00A8B50F /* 3_3.png */,
				CF497AD01C0BF5DC00A8B50F /* 3_4.png */,
				CF497AD11C0BF5DC00A8B50F /* 3_5.png */,
				CF497AD21C0BF5DC00A8B50F /* 3_6.png */,
				CF497AD31C0BF5DC00A8B50F /* 3_7.png */,
				CF497AD41C0BF5DC00A8B50F /* 3_8.png */,
				CF497AD51C0BF5DC00A8B50F /* 3_9.png */,
				CF497AD61C0BF5DC00A8B50F /* 3_10.png */,
				CF497AD71C0BF5DC00A8B50F /* 3_J.png */,
				CF497AD81C0BF5DC00A8B50F /* 3_K.png */,
				CF497AD91C0BF5DC00A8B50F /* 3_Q.png */,
				CF497ADA1C0BF5DC00A8B50F /* 4_1.png */,
				CF497ADB1C0BF5DC00A8B50F /* 4_2.png */,
				CF497ADC1C0BF5DC00A8B50F /* 4_3.png */,
				CF497ADD1C0BF5DC00A8B50F /* 4_4.png */,
				CF497ADE1C0BF5DC00A8B50F /* 4_5.png */,
				CF497ADF1C0BF5DC00A8B50F /* 4_6.png */,
				CF497AE01C0BF5DC00A8B50F /* 4_7.png */,
				CF497AE11C0BF5DC00A8B50F /* 4_8.png */,
				CF497AE21C0BF5DC00A8B50F /* 4_9.png */,
				CF497AE31C0BF5DC00A8B50F /* 4_10.png */,
				CF497AE41C0BF5DC00A8B50F /* 4_J.png */,
				CF497AE51C0BF5DC00A8B50F /* 4_K.png */,
				CF497AE61C0BF5DC00A8B50F /* 4_Q.png */,
				277005621C04DE61003815DD /* main.m */,
			);
			name = "Supporting Files";
			sourceTree = "<group>";
		};
		2770057A1C04DE61003815DD /* SharedCardTests */ = {
			isa = PBXGroup;
			children = (
				2770057B1C04DE61003815DD /* SharedCardTests.m */,
				2770057D1C04DE61003815DD /* Info.plist */,
			);
			path = SharedCardTests;
			sourceTree = "<group>";
		};
		277005851C04DE61003815DD /* SharedCardUITests */ = {
			isa = PBXGroup;
			children = (
				277005861C04DE61003815DD /* SharedCardUITests.m */,
				277005881C04DE61003815DD /* Info.plist */,
			);
			path = SharedCardUITests;
			sourceTree = "<group>";
		};
		277005941C04DE96003815DD /* controllers */ = {
			isa = PBXGroup;
			children = (
				275070FC1C0BFBDA0051810B /* SCWelcomeViewController.h */,
				275070FD1C0BFBDA0051810B /* SCWelcomeViewController.m */,
				27F85B781C0558AD00985BF5 /* SCGameBoardViewController.h */,
				27F85B791C0558AD00985BF5 /* SCGameBoardViewController.m */,
				CFBF93D41C0D9898001BBC1E /* SCGameBoard3ViewController.h */,
				CFBF93D51C0D9898001BBC1E /* SCGameBoard3ViewController.m */,
				275070FF1C0BFBFB0051810B /* SCStarterViewController.h */,
				275071001C0BFBFB0051810B /* SCStarterViewController.m */,
				275071021C0BFC120051810B /* SCPlayerBoardViewController.h */,
				275071031C0BFC120051810B /* SCPlayerBoardViewController.m */,
				CF4D55F01C1AA4AD00884A58 /* SCMyResultController.h */,
				CF4D55F11C1AA4CE00884A58 /* SCMyResultController.m */,
				275B3A561C1BB24A00F93A10 /* SCIpadCongController.h */,
				275B3A571C1BB24A00F93A10 /* SCIpadCongController.m */,
				275B3A591C1BB26F00F93A10 /* SCIpadDrawController.h */,
				275B3A5A1C1BB26F00F93A10 /* SCIpadDrawController.m */,
			);
			path = controllers;
			sourceTree = "<group>";
		};
		277005951C04DE96003815DD /* models */ = {
			isa = PBXGroup;
			children = (
				3E451F671C069C450080B546 /* Game.swift */,
				3E451F651C069C3C0080B546 /* Card.swift */,
				3E451F691C069C560080B546 /* Player.swift */,
				277005641C04DE61003815DD /* AppDelegate.h */,
				27F85B891C05B79100985BF5 /* SCMCManager.h */,
				27F85B8A1C05B79100985BF5 /* SCMCManager.m */,
				3E451F641C069C3B0080B546 /* SharedCard-Bridging-Header.h */,
			);
			path = models;
			sourceTree = "<group>";
		};
		277005961C04DE96003815DD /* views */ = {
			isa = PBXGroup;
			children = (
			);
			path = views;
			sourceTree = "<group>";
		};
/* End PBXGroup section */

/* Begin PBXNativeTarget section */
		2770055D1C04DE61003815DD /* SharedCard */ = {
			isa = PBXNativeTarget;
			buildConfigurationList = 2770058B1C04DE61003815DD /* Build configuration list for PBXNativeTarget "SharedCard" */;
			buildPhases = (
				2770055A1C04DE61003815DD /* Sources */,
				2770055B1C04DE61003815DD /* Frameworks */,
				2770055C1C04DE61003815DD /* Resources */,
			);
			buildRules = (
			);
			dependencies = (
			);
			name = SharedCard;
			productName = SharedCard;
			productReference = 2770055E1C04DE61003815DD /* SharedCard.app */;
			productType = "com.apple.product-type.application";
		};
		277005761C04DE61003815DD /* SharedCardTests */ = {
			isa = PBXNativeTarget;
			buildConfigurationList = 2770058E1C04DE61003815DD /* Build configuration list for PBXNativeTarget "SharedCardTests" */;
			buildPhases = (
				277005731C04DE61003815DD /* Sources */,
				277005741C04DE61003815DD /* Frameworks */,
				277005751C04DE61003815DD /* Resources */,
			);
			buildRules = (
			);
			dependencies = (
				277005791C04DE61003815DD /* PBXTargetDependency */,
			);
			name = SharedCardTests;
			productName = SharedCardTests;
			productReference = 277005771C04DE61003815DD /* SharedCardTests.xctest */;
			productType = "com.apple.product-type.bundle.unit-test";
		};
		277005811C04DE61003815DD /* SharedCardUITests */ = {
			isa = PBXNativeTarget;
			buildConfigurationList = 277005911C04DE61003815DD /* Build configuration list for PBXNativeTarget "SharedCardUITests" */;
			buildPhases = (
				2770057E1C04DE61003815DD /* Sources */,
				2770057F1C04DE61003815DD /* Frameworks */,
				277005801C04DE61003815DD /* Resources */,
			);
			buildRules = (
			);
			dependencies = (
				277005841C04DE61003815DD /* PBXTargetDependency */,
			);
			name = SharedCardUITests;
			productName = SharedCardUITests;
			productReference = 277005821C04DE61003815DD /* SharedCardUITests.xctest */;
			productType = "com.apple.product-type.bundle.ui-testing";
		};
/* End PBXNativeTarget section */

/* Begin PBXProject section */
		277005561C04DE61003815DD /* Project object */ = {
			isa = PBXProject;
			attributes = {
				KnownAssetTags = (
					1,
				);
				LastUpgradeCheck = 0710;
				ORGANIZATIONNAME = JessieYong;
				TargetAttributes = {
					2770055D1C04DE61003815DD = {
						CreatedOnToolsVersion = 7.1.1;
						DevelopmentTeam = L227789K4Q;
					};
					277005761C04DE61003815DD = {
						CreatedOnToolsVersion = 7.1.1;
						TestTargetID = 2770055D1C04DE61003815DD;
					};
					277005811C04DE61003815DD = {
						CreatedOnToolsVersion = 7.1.1;
						TestTargetID = 2770055D1C04DE61003815DD;
					};
				};
			};
			buildConfigurationList = 277005591C04DE61003815DD /* Build configuration list for PBXProject "SharedCard" */;
			compatibilityVersion = "Xcode 3.2";
			developmentRegion = English;
			hasScannedForEncodings = 0;
			knownRegions = (
				en,
				Base,
			);
			mainGroup = 277005551C04DE61003815DD;
			productRefGroup = 2770055F1C04DE61003815DD /* Products */;
			projectDirPath = "";
			projectRoot = "";
			targets = (
				2770055D1C04DE61003815DD /* SharedCard */,
				277005761C04DE61003815DD /* SharedCardTests */,
				277005811C04DE61003815DD /* SharedCardUITests */,
			);
		};
/* End PBXProject section */

/* Begin PBXResourcesBuildPhase section */
		2770055C1C04DE61003815DD /* Resources */ = {
			isa = PBXResourcesBuildPhase;
			buildActionMask = 2147483647;
			files = (
				CF4D56121C1AC2A200884A58 /* gameStart:Over.wav in Resources */,
				CFBF93E61C0DAC86001BBC1E /* transparent.png in Resources */,
				CF497B0F1C0BF5DC00A8B50F /* 3_Q.png in Resources */,
				CF3E91371C10075900872115 /* no_btn.png in Resources */,
				CF497B621C0C5DE900A8B50F /* head_1.png in Resources */,
				CF497B661C0C5DE900A8B50F /* head_2.png in Resources */,
				CF497B021C0BF5DC00A8B50F /* 2_Q.png in Resources */,
				CF497B001C0BF5DC00A8B50F /* 2_J.png in Resources */,
				CF4D560C1C1ABD0800884A58 /* NewGame_btn.png in Resources */,
				CF497B0E1C0BF5DC00A8B50F /* 3_K.png in Resources */,
				CFBF93D31C0D8315001BBC1E /* bg2.png in Resources */,
				CF497B151C0BF5DC00A8B50F /* 4_6.png in Resources */,
				CF497B071C0BF5DC00A8B50F /* 3_5.png in Resources */,
				CF497AF61C0BF5DC00A8B50F /* 2_1.png in Resources */,
				CF497B5D1C0C5DE900A8B50F /* bg2_for2.png in Resources */,
				CF497B1A1C0BF5DC00A8B50F /* 4_J.png in Resources */,
				CF497AED1C0BF5DC00A8B50F /* 1_5.png in Resources */,
				CF497B031C0BF5DC00A8B50F /* 3_1.png in Resources */,
				CF497AF11C0BF5DC00A8B50F /* 1_9.png in Resources */,
				CF497AEF1C0BF5DC00A8B50F /* 1_7.png in Resources */,
				CF497B1C1C0BF5DC00A8B50F /* 4_Q.png in Resources */,
				CF497AEB1C0BF5DC00A8B50F /* 1_3.png in Resources */,
				CF497AEA1C0BF5DC00A8B50F /* 1_2.png in Resources */,
				CF497B0D1C0BF5DC00A8B50F /* 3_J.png in Resources */,
				CF497B191C0BF5DC00A8B50F /* 4_10.png in Resources */,
				CF497B0B1C0BF5DC00A8B50F /* 3_9.png in Resources */,
				CF497AF41C0BF5DC00A8B50F /* 1_K.png in Resources */,
				CF497B171C0BF5DC00A8B50F /* 4_8.png in Resources */,
				CF497B261C0BF61900A8B50F /* bg1.jpg in Resources */,
				CF497B671C0C5DE900A8B50F /* head_4_b.png in Resources */,
				CFBF93E21C0DA7CD001BBC1E /* 2_10.png in Resources */,
				CF497B681C0C5DE900A8B50F /* head_4.png in Resources */,
				277005711C04DE61003815DD /* LaunchScreen.storyboard in Resources */,
				CF497B691C0C5DE900A8B50F /* head_5_b.png in Resources */,
				CF497B141C0BF5DC00A8B50F /* 4_5.png in Resources */,
				CFBF93DE1C0DA7CD001BBC1E /* 2_6.png in Resources */,
				CF497B111C0BF5DC00A8B50F /* 4_2.png in Resources */,
				CF497AF51C0BF5DC00A8B50F /* 1_Q.png in Resources */,
				CF4D56001C1AB00C00884A58 /* U_Lose.png in Resources */,
				CF497B011C0BF5DC00A8B50F /* 2_K.png in Resources */,
				CF497B251C0BF61900A8B50F /* bg3.png in Resources */,
				CFBF93DF1C0DA7CD001BBC1E /* 2_7.png in Resources */,
				CFBF93E11C0DA7CD001BBC1E /* 2_9.png in Resources */,
				CF3E91281C0E907400872115 /* head_4_b_b.png in Resources */,
				CF497AF91C0BF5DC00A8B50F /* 2_4.png in Resources */,
				CF4D55EC1C1A9E8700884A58 /* Cardicon.png in Resources */,
				CF3E91251C0E907400872115 /* head_1_b_b.png in Resources */,
				CFBF93DD1C0DA7CD001BBC1E /* 2_5.png in Resources */,
				CF3E91291C0E907400872115 /* head_5_b_b.png in Resources */,
				CF4D56141C1AC2A200884A58 /* getCard.wav in Resources */,
				CF497B081C0BF5DC00A8B50F /* 3_6.png in Resources */,
				CF497AF31C0BF5DC00A8B50F /* 1_J.png in Resources */,
				CF3E91381C10075900872115 /* start-game.png in Resources */,
				CF497B0C1C0BF5DC00A8B50F /* 3_10.png in Resources */,
				CF497AF81C0BF5DC00A8B50F /* 2_3.png in Resources */,
				CF497B651C0C5DE900A8B50F /* head_2_b.png in Resources */,
				CF497AE91C0BF5DC00A8B50F /* 1_1.png in Resources */,
				CF497AF01C0BF5DC00A8B50F /* 1_8.png in Resources */,
				CF4D56011C1AB00C00884A58 /* U_Win.png in Resources */,
				2770056E1C04DE61003815DD /* Assets.xcassets in Resources */,
				CF497B101C0BF5DC00A8B50F /* 4_1.png in Resources */,
				CF497B121C0BF5DC00A8B50F /* 4_3.png in Resources */,
				CF497B1B1C0BF5DC00A8B50F /* 4_K.png in Resources */,
				CF497AF71C0BF5DC00A8B50F /* 2_2.png in Resources */,
				CF497B051C0BF5DC00A8B50F /* 3_3.png in Resources */,
				CF497AEE1C0BF5DC00A8B50F /* 1_6.png in Resources */,
				2770056C1C04DE61003815DD /* Main.storyboard in Resources */,
				CF4D56131C1AC2A200884A58 /* btnSound.wav in Resources */,
				CF4D56111C1AC2A200884A58 /* bgMusic.mp3 in Resources */,
				CFBF93E01C0DA7CD001BBC1E /* 2_8.png in Resources */,
				CF3E91271C0E907400872115 /* head_3_b_b.png in Resources */,
				CF4D55FB1C1AAC6800884A58 /* Win_iPad.png in Resources */,
				CF497B6A1C0C5DE900A8B50F /* head_5.png in Resources */,
				CF4D55ED1C1A9E8700884A58 /* Cardicon2.png in Resources */,
				CF497B5E1C0C5DE900A8B50F /* bg2_for3.png in Resources */,
				CF497AEC1C0BF5DC00A8B50F /* 1_4.png in Resources */,
				CF497B061C0BF5DC00A8B50F /* 3_4.png in Resources */,
				CFBF93E81C0DC55F001BBC1E /* Back.png in Resources */,
				CF497B611C0C5DE900A8B50F /* head_1_b.png in Resources */,
				CF497B641C0C5DE900A8B50F /* head_3.png in Resources */,
				CF497B091C0BF5DC00A8B50F /* 3_7.png in Resources */,
				CF3E91261C0E907400872115 /* head_2_b_b.png in Resources */,
				CF497B631C0C5DE900A8B50F /* head_3_b.png in Resources */,
				CF497B0A1C0BF5DC00A8B50F /* 3_8.png in Resources */,
				CF497B131C0BF5DC00A8B50F /* 4_4.png in Resources */,
				CF497AF21C0BF5DC00A8B50F /* 1_10.png in Resources */,
				CF497B041C0BF5DC00A8B50F /* 3_2.png in Resources */,
				CF497B161C0BF5DC00A8B50F /* 4_7.png in Resources */,
				CF497B181C0BF5DC00A8B50F /* 4_9.png in Resources */,
				CF4D55FD1C1AAD7C00884A58 /* Draw_Game.png in Resources */,
				CF4D55EF1C1AA23800884A58 /* bg4.png in Resources */,
				CF497B2C1C0BF80100A8B50F /* LaunchScreen.png in Resources */,
				CF3E91391C10075900872115 /* yes_btn.png in Resources */,
				CF9A46AC1C06AF0000321F09 /* iPhone.storyboard in Resources */,
			);
			runOnlyForDeploymentPostprocessing = 0;
		};
		277005751C04DE61003815DD /* Resources */ = {
			isa = PBXResourcesBuildPhase;
			buildActionMask = 2147483647;
			files = (
			);
			runOnlyForDeploymentPostprocessing = 0;
		};
		277005801C04DE61003815DD /* Resources */ = {
			isa = PBXResourcesBuildPhase;
			buildActionMask = 2147483647;
			files = (
			);
			runOnlyForDeploymentPostprocessing = 0;
		};
/* End PBXResourcesBuildPhase section */

/* Begin PBXSourcesBuildPhase section */
		2770055A1C04DE61003815DD /* Sources */ = {
			isa = PBXSourcesBuildPhase;
			buildActionMask = 2147483647;
			files = (
				275B3A581C1BB24A00F93A10 /* SCIpadCongController.m in Sources */,
				275B3A5B1C1BB26F00F93A10 /* SCIpadDrawController.m in Sources */,
				271845C31C0EA00D00C9E1DB /* UIView+Toast.m in Sources */,
				275071041C0BFC120051810B /* SCPlayerBoardViewController.m in Sources */,
				CFBF93D61C0D9898001BBC1E /* SCGameBoard3ViewController.m in Sources */,
				277005661C04DE61003815DD /* AppDelegate.m in Sources */,
				27F85B7A1C0558AD00985BF5 /* SCGameBoardViewController.m in Sources */,
				3E451F661C069C3C0080B546 /* Card.swift in Sources */,
				275070FE1C0BFBDA0051810B /* SCWelcomeViewController.m in Sources */,
				CF4D55F21C1AA4CE00884A58 /* SCMyResultController.m in Sources */,
				27F85B8B1C05B79100985BF5 /* SCMCManager.m in Sources */,
				277005631C04DE61003815DD /* main.m in Sources */,
				3E451F6A1C069C560080B546 /* Player.swift in Sources */,
				275071011C0BFBFB0051810B /* SCStarterViewController.m in Sources */,
				3E451F681C069C450080B546 /* Game.swift in Sources */,
			);
			runOnlyForDeploymentPostprocessing = 0;
		};
		277005731C04DE61003815DD /* Sources */ = {
			isa = PBXSourcesBuildPhase;
			buildActionMask = 2147483647;
			files = (
				2770057C1C04DE61003815DD /* SharedCardTests.m in Sources */,
			);
			runOnlyForDeploymentPostprocessing = 0;
		};
		2770057E1C04DE61003815DD /* Sources */ = {
			isa = PBXSourcesBuildPhase;
			buildActionMask = 2147483647;
			files = (
				277005871C04DE61003815DD /* SharedCardUITests.m in Sources */,
			);
			runOnlyForDeploymentPostprocessing = 0;
		};
/* End PBXSourcesBuildPhase section */

/* Begin PBXTargetDependency section */
		277005791C04DE61003815DD /* PBXTargetDependency */ = {
			isa = PBXTargetDependency;
			target = 2770055D1C04DE61003815DD /* SharedCard */;
			targetProxy = 277005781C04DE61003815DD /* PBXContainerItemProxy */;
		};
		277005841C04DE61003815DD /* PBXTargetDependency */ = {
			isa = PBXTargetDependency;
			target = 2770055D1C04DE61003815DD /* SharedCard */;
			targetProxy = 277005831C04DE61003815DD /* PBXContainerItemProxy */;
		};
/* End PBXTargetDependency section */

/* Begin PBXVariantGroup section */
		2770056A1C04DE61003815DD /* Main.storyboard */ = {
			isa = PBXVariantGroup;
			children = (
				2770056B1C04DE61003815DD /* Base */,
			);
			name = Main.storyboard;
			sourceTree = "<group>";
		};
		2770056F1C04DE61003815DD /* LaunchScreen.storyboard */ = {
			isa = PBXVariantGroup;
			children = (
				277005701C04DE61003815DD /* Base */,
			);
			name = LaunchScreen.storyboard;
			sourceTree = "<group>";
		};
/* End PBXVariantGroup section */

/* Begin XCBuildConfiguration section */
		277005891C04DE61003815DD /* Debug */ = {
			isa = XCBuildConfiguration;
			buildSettings = {
				ALWAYS_SEARCH_USER_PATHS = NO;
				CLANG_CXX_LANGUAGE_STANDARD = "gnu++0x";
				CLANG_CXX_LIBRARY = "libc++";
				CLANG_ENABLE_MODULES = YES;
				CLANG_ENABLE_OBJC_ARC = YES;
				CLANG_WARN_BOOL_CONVERSION = YES;
				CLANG_WARN_CONSTANT_CONVERSION = YES;
				CLANG_WARN_DIRECT_OBJC_ISA_USAGE = YES_ERROR;
				CLANG_WARN_EMPTY_BODY = YES;
				CLANG_WARN_ENUM_CONVERSION = YES;
				CLANG_WARN_INT_CONVERSION = YES;
				CLANG_WARN_OBJC_ROOT_CLASS = YES_ERROR;
				CLANG_WARN_UNREACHABLE_CODE = YES;
				CLANG_WARN__DUPLICATE_METHOD_MATCH = YES;
				"CODE_SIGN_IDENTITY[sdk=iphoneos*]" = "iPhone Developer";
				COPY_PHASE_STRIP = NO;
				DEBUG_INFORMATION_FORMAT = dwarf;
				ENABLE_STRICT_OBJC_MSGSEND = YES;
				ENABLE_TESTABILITY = YES;
				GCC_C_LANGUAGE_STANDARD = gnu99;
				GCC_DYNAMIC_NO_PIC = NO;
				GCC_NO_COMMON_BLOCKS = YES;
				GCC_OPTIMIZATION_LEVEL = 0;
				GCC_PREPROCESSOR_DEFINITIONS = (
					"DEBUG=1",
					"$(inherited)",
				);
				GCC_WARN_64_TO_32_BIT_CONVERSION = YES;
				GCC_WARN_ABOUT_RETURN_TYPE = YES_ERROR;
				GCC_WARN_UNDECLARED_SELECTOR = YES;
				GCC_WARN_UNINITIALIZED_AUTOS = YES_AGGRESSIVE;
				GCC_WARN_UNUSED_FUNCTION = YES;
				GCC_WARN_UNUSED_VARIABLE = YES;
				IPHONEOS_DEPLOYMENT_TARGET = 9.1;
				MTL_ENABLE_DEBUG_INFO = YES;
				ONLY_ACTIVE_ARCH = YES;
				SDKROOT = iphoneos;
			};
			name = Debug;
		};
		2770058A1C04DE61003815DD /* Release */ = {
			isa = XCBuildConfiguration;
			buildSettings = {
				ALWAYS_SEARCH_USER_PATHS = NO;
				CLANG_CXX_LANGUAGE_STANDARD = "gnu++0x";
				CLANG_CXX_LIBRARY = "libc++";
				CLANG_ENABLE_MODULES = YES;
				CLANG_ENABLE_OBJC_ARC = YES;
				CLANG_WARN_BOOL_CONVERSION = YES;
				CLANG_WARN_CONSTANT_CONVERSION = YES;
				CLANG_WARN_DIRECT_OBJC_ISA_USAGE = YES_ERROR;
				CLANG_WARN_EMPTY_BODY = YES;
				CLANG_WARN_ENUM_CONVERSION = YES;
				CLANG_WARN_INT_CONVERSION = YES;
				CLANG_WARN_OBJC_ROOT_CLASS = YES_ERROR;
				CLANG_WARN_UNREACHABLE_CODE = YES;
				CLANG_WARN__DUPLICATE_METHOD_MATCH = YES;
				"CODE_SIGN_IDENTITY[sdk=iphoneos*]" = "iPhone Developer";
				COPY_PHASE_STRIP = NO;
				DEBUG_INFORMATION_FORMAT = "dwarf-with-dsym";
				ENABLE_NS_ASSERTIONS = NO;
				ENABLE_STRICT_OBJC_MSGSEND = YES;
				GCC_C_LANGUAGE_STANDARD = gnu99;
				GCC_NO_COMMON_BLOCKS = YES;
				GCC_WARN_64_TO_32_BIT_CONVERSION = YES;
				GCC_WARN_ABOUT_RETURN_TYPE = YES_ERROR;
				GCC_WARN_UNDECLARED_SELECTOR = YES;
				GCC_WARN_UNINITIALIZED_AUTOS = YES_AGGRESSIVE;
				GCC_WARN_UNUSED_FUNCTION = YES;
				GCC_WARN_UNUSED_VARIABLE = YES;
				IPHONEOS_DEPLOYMENT_TARGET = 9.1;
				MTL_ENABLE_DEBUG_INFO = NO;
				SDKROOT = iphoneos;
				VALIDATE_PRODUCT = YES;
			};
			name = Release;
		};
		2770058C1C04DE61003815DD /* Debug */ = {
			isa = XCBuildConfiguration;
			buildSettings = {
				ASSETCATALOG_COMPILER_APPICON_NAME = AppIcon;
				CLANG_ENABLE_MODULES = YES;
				CODE_SIGN_IDENTITY = "iPhone Developer";
				"CODE_SIGN_IDENTITY[sdk=iphoneos*]" = "iPhone Developer";
				DEFINES_MODULE = YES;
				INFOPLIST_FILE = SharedCard/Info.plist;
				LD_RUNPATH_SEARCH_PATHS = "$(inherited) @executable_path/Frameworks";
				PRODUCT_BUNDLE_IDENTIFIER = Y.SharedCard;
				PRODUCT_MODULE_NAME = SharedCardProject;
				PRODUCT_NAME = "$(TARGET_NAME)";
				PROVISIONING_PROFILE = "";
				SWIFT_OBJC_BRIDGING_HEADER = "SharedCard/models/SharedCard-Bridging-Header.h";
				SWIFT_OPTIMIZATION_LEVEL = "-Onone";
				TARGETED_DEVICE_FAMILY = "1,2";
			};
			name = Debug;
		};
		2770058D1C04DE61003815DD /* Release */ = {
			isa = XCBuildConfiguration;
			buildSettings = {
				ASSETCATALOG_COMPILER_APPICON_NAME = AppIcon;
				CLANG_ENABLE_MODULES = YES;
				CODE_SIGN_IDENTITY = "iPhone Developer";
				"CODE_SIGN_IDENTITY[sdk=iphoneos*]" = "iPhone Developer";
				DEFINES_MODULE = YES;
				INFOPLIST_FILE = SharedCard/Info.plist;
				LD_RUNPATH_SEARCH_PATHS = "$(inherited) @executable_path/Frameworks";
				PRODUCT_BUNDLE_IDENTIFIER = Y.SharedCard;
				PRODUCT_MODULE_NAME = SharedCardProject;
				PRODUCT_NAME = "$(TARGET_NAME)";
				PROVISIONING_PROFILE = "";
				SWIFT_OBJC_BRIDGING_HEADER = "SharedCard/models/SharedCard-Bridging-Header.h";
				TARGETED_DEVICE_FAMILY = "1,2";
			};
			name = Release;
		};
		2770058F1C04DE61003815DD /* Debug */ = {
			isa = XCBuildConfiguration;
			buildSettings = {
				BUNDLE_LOADER = "$(TEST_HOST)";
				INFOPLIST_FILE = SharedCardTests/Info.plist;
				LD_RUNPATH_SEARCH_PATHS = "$(inherited) @executable_path/Frameworks @loader_path/Frameworks";
				PRODUCT_BUNDLE_IDENTIFIER = Y.SharedCardTests;
				PRODUCT_NAME = "$(TARGET_NAME)";
				TEST_HOST = "$(BUILT_PRODUCTS_DIR)/SharedCard.app/SharedCard";
			};
			name = Debug;
		};
		277005901C04DE61003815DD /* Release */ = {
			isa = XCBuildConfiguration;
			buildSettings = {
				BUNDLE_LOADER = "$(TEST_HOST)";
				INFOPLIST_FILE = SharedCardTests/Info.plist;
				LD_RUNPATH_SEARCH_PATHS = "$(inherited) @executable_path/Frameworks @loader_path/Frameworks";
				PRODUCT_BUNDLE_IDENTIFIER = Y.SharedCardTests;
				PRODUCT_NAME = "$(TARGET_NAME)";
				TEST_HOST = "$(BUILT_PRODUCTS_DIR)/SharedCard.app/SharedCard";
			};
			name = Release;
		};
		277005921C04DE61003815DD /* Debug */ = {
			isa = XCBuildConfiguration;
			buildSettings = {
				INFOPLIST_FILE = SharedCardUITests/Info.plist;
				LD_RUNPATH_SEARCH_PATHS = "$(inherited) @executable_path/Frameworks @loader_path/Frameworks";
				PRODUCT_BUNDLE_IDENTIFIER = Y.SharedCardUITests;
				PRODUCT_NAME = "$(TARGET_NAME)";
				TEST_TARGET_NAME = SharedCard;
				USES_XCTRUNNER = YES;
			};
			name = Debug;
		};
		277005931C04DE61003815DD /* Release */ = {
			isa = XCBuildConfiguration;
			buildSettings = {
				INFOPLIST_FILE = SharedCardUITests/Info.plist;
				LD_RUNPATH_SEARCH_PATHS = "$(inherited) @executable_path/Frameworks @loader_path/Frameworks";
				PRODUCT_BUNDLE_IDENTIFIER = Y.SharedCardUITests;
				PRODUCT_NAME = "$(TARGET_NAME)";
				TEST_TARGET_NAME = SharedCard;
				USES_XCTRUNNER = YES;
			};
			name = Release;
		};
/* End XCBuildConfiguration section */

/* Begin XCConfigurationList section */
		277005591C04DE61003815DD /* Build configuration list for PBXProject "SharedCard" */ = {
			isa = XCConfigurationList;
			buildConfigurations = (
				277005891C04DE61003815DD /* Debug */,
				2770058A1C04DE61003815DD /* Release */,
			);
			defaultConfigurationIsVisible = 0;
			defaultConfigurationName = Release;
		};
		2770058B1C04DE61003815DD /* Build configuration list for PBXNativeTarget "SharedCard" */ = {
			isa = XCConfigurationList;
			buildConfigurations = (
				2770058C1C04DE61003815DD /* Debug */,
				2770058D1C04DE61003815DD /* Release */,
			);
			defaultConfigurationIsVisible = 0;
			defaultConfigurationName = Release;
		};
		2770058E1C04DE61003815DD /* Build configuration list for PBXNativeTarget "SharedCardTests" */ = {
			isa = XCConfigurationList;
			buildConfigurations = (
				2770058F1C04DE61003815DD /* Debug */,
				277005901C04DE61003815DD /* Release */,
			);
			defaultConfigurationIsVisible = 0;
			defaultConfigurationName = Release;
		};
		277005911C04DE61003815DD /* Build configuration list for PBXNativeTarget "SharedCardUITests" */ = {
			isa = XCConfigurationList;
			buildConfigurations = (
				277005921C04DE61003815DD /* Debug */,
				277005931C04DE61003815DD /* Release */,
			);
			defaultConfigurationIsVisible = 0;
			defaultConfigurationName = Release;
		};
/* End XCConfigurationList section */
	};
	rootObject = 277005561C04DE61003815DD /* Project object */;
}
