// !$*UTF8*$!
{
	archiveVersion = 1;
	classes = {
	};
	objectVersion = 46;
	objects = {

/* Begin PBXBuildFile section */
		277005631C04DE61003815DD /* main.m in Sources */ = {isa = PBXBuildFile; fileRef = 277005621C04DE61003815DD /* main.m */; };
		277005661C04DE61003815DD /* AppDelegate.m in Sources */ = {isa = PBXBuildFile; fileRef = 277005651C04DE61003815DD /* AppDelegate.m */; };
		2770056C1C04DE61003815DD /* Main.storyboard in Resources */ = {isa = PBXBuildFile; fileRef = 2770056A1C04DE61003815DD /* Main.storyboard */; };
		2770056E1C04DE61003815DD /* Assets.xcassets in Resources */ = {isa = PBXBuildFile; fileRef = 2770056D1C04DE61003815DD /* Assets.xcassets */; };
		277005711C04DE61003815DD /* LaunchScreen.storyboard in Resources */ = {isa = PBXBuildFile; fileRef = 2770056F1C04DE61003815DD /* LaunchScreen.storyboard */; };
		2770057C1C04DE61003815DD /* SharedCardTests.m in Sources */ = {isa = PBXBuildFile; fileRef = 2770057B1C04DE61003815DD /* SharedCardTests.m */; };
		277005871C04DE61003815DD /* SharedCardUITests.m in Sources */ = {isa = PBXBuildFile; fileRef = 277005861C04DE61003815DD /* SharedCardUITests.m */; };
		277005991C04DEC3003815DD /* SCHomeViewController.m in Sources */ = {isa = PBXBuildFile; fileRef = 277005981C04DEC3003815DD /* SCHomeViewController.m */; };
/* End PBXBuildFile section */

/* Begin PBXContainerItemProxy section */
		277005781C04DE61003815DD /* PBXContainerItemProxy */ = {
			isa = PBXContainerItemProxy;
			containerPortal = 277005561C04DE61003815DD /* Project object */;
			proxyType = 1;
			remoteGlobalIDString = 2770055D1C04DE61003815DD;
			remoteInfo = SharedCard;
		};
		277005831C04DE61003815DD /* PBXContainerItemProxy */ = {
			isa = PBXContainerItemProxy;
			containerPortal = 277005561C04DE61003815DD /* Project object */;
			proxyType = 1;
			remoteGlobalIDString = 2770055D1C04DE61003815DD;
			remoteInfo = SharedCard;
		};
/* End PBXContainerItemProxy section */

/* Begin PBXFileReference section */
		2770055E1C04DE61003815DD /* SharedCard.app */ = {isa = PBXFileReference; explicitFileType = wrapper.application; includeInIndex = 0; path = SharedCard.app; sourceTree = BUILT_PRODUCTS_DIR; };
		277005621C04DE61003815DD /* main.m */ = {isa = PBXFileReference; lastKnownFileType = sourcecode.c.objc; path = main.m; sourceTree = "<group>"; };
		277005641C04DE61003815DD /* AppDelegate.h */ = {isa = PBXFileReference; lastKnownFileType = sourcecode.c.h; path = AppDelegate.h; sourceTree = "<group>"; };
		277005651C04DE61003815DD /* AppDelegate.m */ = {isa = PBXFileReference; lastKnownFileType = sourcecode.c.objc; path = AppDelegate.m; sourceTree = "<group>"; };
		2770056B1C04DE61003815DD /* Base */ = {isa = PBXFileReference; lastKnownFileType = file.storyboard; name = Base; path = Base.lproj/Main.storyboard; sourceTree = "<group>"; };
		2770056D1C04DE61003815DD /* Assets.xcassets */ = {isa = PBXFileReference; lastKnownFileType = folder.assetcatalog; path = Assets.xcassets; sourceTree = "<group>"; };
		277005701C04DE61003815DD /* Base */ = {isa = PBXFileReference; lastKnownFileType = file.storyboard; name = Base; path = Base.lproj/LaunchScreen.storyboard; sourceTree = "<group>"; };
		277005721C04DE61003815DD /* Info.plist */ = {isa = PBXFileReference; lastKnownFileType = text.plist.xml; path = Info.plist; sourceTree = "<group>"; };
		277005771C04DE61003815DD /* SharedCardTests.xctest */ = {isa = PBXFileReference; explicitFileType = wrapper.cfbundle; includeInIndex = 0; path = SharedCardTests.xctest; sourceTree = BUILT_PRODUCTS_DIR; };
		2770057B1C04DE61003815DD /* SharedCardTests.m */ = {isa = PBXFileReference; lastKnownFileType = sourcecode.c.objc; path = SharedCardTests.m; sourceTree = "<group>"; };
		2770057D1C04DE61003815DD /* Info.plist */ = {isa = PBXFileReference; lastKnownFileType = text.plist.xml; path = Info.plist; sourceTree = "<group>"; };
		277005821C04DE61003815DD /* SharedCardUITests.xctest */ = {isa = PBXFileReference; explicitFileType = wrapper.cfbundle; includeInIndex = 0; path = SharedCardUITests.xctest; sourceTree = BUILT_PRODUCTS_DIR; };
		277005861C04DE61003815DD /* SharedCardUITests.m */ = {isa = PBXFileReference; lastKnownFileType = sourcecode.c.objc; path = SharedCardUITests.m; sourceTree = "<group>"; };
		277005881C04DE61003815DD /* Info.plist */ = {isa = PBXFileReference; lastKnownFileType = text.plist.xml; path = Info.plist; sourceTree = "<group>"; };
		277005971C04DEC3003815DD /* SCHomeViewController.h */ = {isa = PBXFileReference; fileEncoding = 4; lastKnownFileType = sourcecode.c.h; path = SCHomeViewController.h; sourceTree = "<group>"; };
		277005981C04DEC3003815DD /* SCHomeViewController.m */ = {isa = PBXFileReference; fileEncoding = 4; lastKnownFileType = sourcecode.c.objc; path = SCHomeViewController.m; sourceTree = "<group>"; };
/* End PBXFileReference section */

/* Begin PBXFrameworksBuildPhase section */
		2770055B1C04DE61003815DD /* Frameworks */ = {
			isa = PBXFrameworksBuildPhase;
			buildActionMask = 2147483647;
			files = (
			);
			runOnlyForDeploymentPostprocessing = 0;
		};
		277005741C04DE61003815DD /* Frameworks */ = {
			isa = PBXFrameworksBuildPhase;
			buildActionMask = 2147483647;
			files = (
			);
			runOnlyForDeploymentPostprocessing = 0;
		};
		2770057F1C04DE61003815DD /* Frameworks */ = {
			isa = PBXFrameworksBuildPhase;
			buildActionMask = 2147483647;
			files = (
			);
			runOnlyForDeploymentPostprocessing = 0;
		};
/* End PBXFrameworksBuildPhase section */

/* Begin PBXGroup section */
		277005551C04DE61003815DD = {
			isa = PBXGroup;
			children = (
				277005601C04DE61003815DD /* SharedCard */,
				2770057A1C04DE61003815DD /* SharedCardTests */,
				277005851C04DE61003815DD /* SharedCardUITests */,
				2770055F1C04DE61003815DD /* Products */,
			);
			sourceTree = "<group>";
		};
		2770055F1C04DE61003815DD /* Products */ = {
			isa = PBXGroup;
			children = (
				2770055E1C04DE61003815DD /* SharedCard.app */,
				277005771C04DE61003815DD /* SharedCardTests.xctest */,
				277005821C04DE61003815DD /* SharedCardUITests.xctest */,
			);
			name = Products;
			sourceTree = "<group>";
		};
		277005601C04DE61003815DD /* SharedCard */ = {
			isa = PBXGroup;
			children = (
				277005941C04DE96003815DD /* controllers */,
				277005951C04DE96003815DD /* models */,
				277005961C04DE96003815DD /* views */,
				277005641C04DE61003815DD /* AppDelegate.h */,
				277005651C04DE61003815DD /* AppDelegate.m */,
				2770056A1C04DE61003815DD /* Main.storyboard */,
				2770056D1C04DE61003815DD /* Assets.xcassets */,
				2770056F1C04DE61003815DD /* LaunchScreen.storyboard */,
				277005721C04DE61003815DD /* Info.plist */,
				277005611C04DE61003815DD /* Supporting Files */,
			);
			path = SharedCard;
			sourceTree = "<group>";
		};
		277005611C04DE61003815DD /* Supporting Files */ = {
			isa = PBXGroup;
			children = (
				277005621C04DE61003815DD /* main.m */,
			);
			name = "Supporting Files";
			sourceTree = "<group>";
		};
		2770057A1C04DE61003815DD /* SharedCardTests */ = {
			isa = PBXGroup;
			children = (
				2770057B1C04DE61003815DD /* SharedCardTests.m */,
				2770057D1C04DE61003815DD /* Info.plist */,
			);
			path = SharedCardTests;
			sourceTree = "<group>";
		};
		277005851C04DE61003815DD /* SharedCardUITests */ = {
			isa = PBXGroup;
			children = (
				277005861C04DE61003815DD /* SharedCardUITests.m */,
				277005881C04DE61003815DD /* Info.plist */,
			);
			path = SharedCardUITests;
			sourceTree = "<group>";
		};
		277005941C04DE96003815DD /* controllers */ = {
			isa = PBXGroup;
			children = (
				277005971C04DEC3003815DD /* SCHomeViewController.h */,
				277005981C04DEC3003815DD /* SCHomeViewController.m */,
			);
			path = controllers;
			sourceTree = "<group>";
		};
		277005951C04DE96003815DD /* models */ = {
			isa = PBXGroup;
			children = (
			);
			path = models;
			sourceTree = "<group>";
		};
		277005961C04DE96003815DD /* views */ = {
			isa = PBXGroup;
			children = (
			);
			path = views;
			sourceTree = "<group>";
		};
/* End PBXGroup section */

/* Begin PBXNativeTarget section */
		2770055D1C04DE61003815DD /* SharedCard */ = {
			isa = PBXNativeTarget;
			buildConfigurationList = 2770058B1C04DE61003815DD /* Build configuration list for PBXNativeTarget "SharedCard" */;
			buildPhases = (
				2770055A1C04DE61003815DD /* Sources */,
				2770055B1C04DE61003815DD /* Frameworks */,
				2770055C1C04DE61003815DD /* Resources */,
			);
			buildRules = (
			);
			dependencies = (
			);
			name = SharedCard;
			productName = SharedCard;
			productReference = 2770055E1C04DE61003815DD /* SharedCard.app */;
			productType = "com.apple.product-type.application";
		};
		277005761C04DE61003815DD /* SharedCardTests */ = {
			isa = PBXNativeTarget;
			buildConfigurationList = 2770058E1C04DE61003815DD /* Build configuration list for PBXNativeTarget "SharedCardTests" */;
			buildPhases = (
				277005731C04DE61003815DD /* Sources */,
				277005741C04DE61003815DD /* Frameworks */,
				277005751C04DE61003815DD /* Resources */,
			);
			buildRules = (
			);
			dependencies = (
				277005791C04DE61003815DD /* PBXTargetDependency */,
			);
			name = SharedCardTests;
			productName = SharedCardTests;
			productReference = 277005771C04DE61003815DD /* SharedCardTests.xctest */;
			productType = "com.apple.product-type.bundle.unit-test";
		};
		277005811C04DE61003815DD /* SharedCardUITests */ = {
			isa = PBXNativeTarget;
			buildConfigurationList = 277005911C04DE61003815DD /* Build configuration list for PBXNativeTarget "SharedCardUITests" */;
			buildPhases = (
				2770057E1C04DE61003815DD /* Sources */,
				2770057F1C04DE61003815DD /* Frameworks */,
				277005801C04DE61003815DD /* Resources */,
			);
			buildRules = (
			);
			dependencies = (
				277005841C04DE61003815DD /* PBXTargetDependency */,
			);
			name = SharedCardUITests;
			productName = SharedCardUITests;
			productReference = 277005821C04DE61003815DD /* SharedCardUITests.xctest */;
			productType = "com.apple.product-type.bundle.ui-testing";
		};
/* End PBXNativeTarget section */

/* Begin PBXProject section */
		277005561C04DE61003815DD /* Project object */ = {
			isa = PBXProject;
			attributes = {
				LastUpgradeCheck = 0710;
				ORGANIZATIONNAME = JessieYong;
				TargetAttributes = {
					2770055D1C04DE61003815DD = {
						CreatedOnToolsVersion = 7.1.1;
					};
					277005761C04DE61003815DD = {
						CreatedOnToolsVersion = 7.1.1;
						TestTargetID = 2770055D1C04DE61003815DD;
					};
					277005811C04DE61003815DD = {
						CreatedOnToolsVersion = 7.1.1;
						TestTargetID = 2770055D1C04DE61003815DD;
					};
				};
			};
			buildConfigurationList = 277005591C04DE61003815DD /* Build configuration list for PBXProject "SharedCard" */;
			compatibilityVersion = "Xcode 3.2";
			developmentRegion = English;
			hasScannedForEncodings = 0;
			knownRegions = (
				en,
				Base,
			);
			mainGroup = 277005551C04DE61003815DD;
			productRefGroup = 2770055F1C04DE61003815DD /* Products */;
			projectDirPath = "";
			projectRoot = "";
			targets = (
				2770055D1C04DE61003815DD /* SharedCard */,
				277005761C04DE61003815DD /* SharedCardTests */,
				277005811C04DE61003815DD /* SharedCardUITests */,
			);
		};
/* End PBXProject section */

/* Begin PBXResourcesBuildPhase section */
		2770055C1C04DE61003815DD /* Resources */ = {
			isa = PBXResourcesBuildPhase;
			buildActionMask = 2147483647;
			files = (
				277005711C04DE61003815DD /* LaunchScreen.storyboard in Resources */,
				2770056E1C04DE61003815DD /* Assets.xcassets in Resources */,
				2770056C1C04DE61003815DD /* Main.storyboard in Resources */,
			);
			runOnlyForDeploymentPostprocessing = 0;
		};
		277005751C04DE61003815DD /* Resources */ = {
			isa = PBXResourcesBuildPhase;
			buildActionMask = 2147483647;
			files = (
			);
			runOnlyForDeploymentPostprocessing = 0;
		};
		277005801C04DE61003815DD /* Resources */ = {
			isa = PBXResourcesBuildPhase;
			buildActionMask = 2147483647;
			files = (
			);
			runOnlyForDeploymentPostprocessing = 0;
		};
/* End PBXResourcesBuildPhase section */

/* Begin PBXSourcesBuildPhase section */
		2770055A1C04DE61003815DD /* Sources */ = {
			isa = PBXSourcesBuildPhase;
			buildActionMask = 2147483647;
			files = (
				277005661C04DE61003815DD /* AppDelegate.m in Sources */,
				277005631C04DE61003815DD /* main.m in Sources */,
				277005991C04DEC3003815DD /* SCHomeViewController.m in Sources */,
			);
			runOnlyForDeploymentPostprocessing = 0;
		};
		277005731C04DE61003815DD /* Sources */ = {
			isa = PBXSourcesBuildPhase;
			buildActionMask = 2147483647;
			files = (
				2770057C1C04DE61003815DD /* SharedCardTests.m in Sources */,
			);
			runOnlyForDeploymentPostprocessing = 0;
		};
		2770057E1C04DE61003815DD /* Sources */ = {
			isa = PBXSourcesBuildPhase;
			buildActionMask = 2147483647;
			files = (
				277005871C04DE61003815DD /* SharedCardUITests.m in Sources */,
			);
			runOnlyForDeploymentPostprocessing = 0;
		};
/* End PBXSourcesBuildPhase section */

/* Begin PBXTargetDependency section */
		277005791C04DE61003815DD /* PBXTargetDependency */ = {
			isa = PBXTargetDependency;
			target = 2770055D1C04DE61003815DD /* SharedCard */;
			targetProxy = 277005781C04DE61003815DD /* PBXContainerItemProxy */;
		};
		277005841C04DE61003815DD /* PBXTargetDependency */ = {
			isa = PBXTargetDependency;
			target = 2770055D1C04DE61003815DD /* SharedCard */;
			targetProxy = 277005831C04DE61003815DD /* PBXContainerItemProxy */;
		};
/* End PBXTargetDependency section */

/* Begin PBXVariantGroup section */
		2770056A1C04DE61003815DD /* Main.storyboard */ = {
			isa = PBXVariantGroup;
			children = (
				2770056B1C04DE61003815DD /* Base */,
			);
			name = Main.storyboard;
			sourceTree = "<group>";
		};
		2770056F1C04DE61003815DD /* LaunchScreen.storyboard */ = {
			isa = PBXVariantGroup;
			children = (
				277005701C04DE61003815DD /* Base */,
			);
			name = LaunchScreen.storyboard;
			sourceTree = "<group>";
		};
/* End PBXVariantGroup section */

/* Begin XCBuildConfiguration section */
		277005891C04DE61003815DD /* Debug */ = {
			isa = XCBuildConfiguration;
			buildSettings = {
				ALWAYS_SEARCH_USER_PATHS = NO;
				CLANG_CXX_LANGUAGE_STANDARD = "gnu++0x";
				CLANG_CXX_LIBRARY = "libc++";
				CLANG_ENABLE_MODULES = YES;
				CLANG_ENABLE_OBJC_ARC = YES;
				CLANG_WARN_BOOL_CONVERSION = YES;
				CLANG_WARN_CONSTANT_CONVERSION = YES;
				CLANG_WARN_DIRECT_OBJC_ISA_USAGE = YES_ERROR;
				CLANG_WARN_EMPTY_BODY = YES;
				CLANG_WARN_ENUM_CONVERSION = YES;
				CLANG_WARN_INT_CONVERSION = YES;
				CLANG_WARN_OBJC_ROOT_CLASS = YES_ERROR;
				CLANG_WARN_UNREACHABLE_CODE = YES;
				CLANG_WARN__DUPLICATE_METHOD_MATCH = YES;
				"CODE_SIGN_IDENTITY[sdk=iphoneos*]" = "iPhone Developer";
				COPY_PHASE_STRIP = NO;
				DEBUG_INFORMATION_FORMAT = dwarf;
				ENABLE_STRICT_OBJC_MSGSEND = YES;
				ENABLE_TESTABILITY = YES;
				GCC_C_LANGUAGE_STANDARD = gnu99;
				GCC_DYNAMIC_NO_PIC = NO;
				GCC_NO_COMMON_BLOCKS = YES;
				GCC_OPTIMIZATION_LEVEL = 0;
				GCC_PREPROCESSOR_DEFINITIONS = (
					"DEBUG=1",
					"$(inherited)",
				);
				GCC_WARN_64_TO_32_BIT_CONVERSION = YES;
				GCC_WARN_ABOUT_RETURN_TYPE = YES_ERROR;
				GCC_WARN_UNDECLARED_SELECTOR = YES;
				GCC_WARN_UNINITIALIZED_AUTOS = YES_AGGRESSIVE;
				GCC_WARN_UNUSED_FUNCTION = YES;
				GCC_WARN_UNUSED_VARIABLE = YES;
				IPHONEOS_DEPLOYMENT_TARGET = 9.1;
				MTL_ENABLE_DEBUG_INFO = YES;
				ONLY_ACTIVE_ARCH = YES;
				SDKROOT = iphoneos;
			};
			name = Debug;
		};
		2770058A1C04DE61003815DD /* Release */ = {
			isa = XCBuildConfiguration;
			buildSettings = {
				ALWAYS_SEARCH_USER_PATHS = NO;
				CLANG_CXX_LANGUAGE_STANDARD = "gnu++0x";
				CLANG_CXX_LIBRARY = "libc++";
				CLANG_ENABLE_MODULES = YES;
				CLANG_ENABLE_OBJC_ARC = YES;
				CLANG_WARN_BOOL_CONVERSION = YES;
				CLANG_WARN_CONSTANT_CONVERSION = YES;
				CLANG_WARN_DIRECT_OBJC_ISA_USAGE = YES_ERROR;
				CLANG_WARN_EMPTY_BODY = YES;
				CLANG_WARN_ENUM_CONVERSION = YES;
				CLANG_WARN_INT_CONVERSION = YES;
				CLANG_WARN_OBJC_ROOT_CLASS = YES_ERROR;
				CLANG_WARN_UNREACHABLE_CODE = YES;
				CLANG_WARN__DUPLICATE_METHOD_MATCH = YES;
				"CODE_SIGN_IDENTITY[sdk=iphoneos*]" = "iPhone Developer";
				COPY_PHASE_STRIP = NO;
				DEBUG_INFORMATION_FORMAT = "dwarf-with-dsym";
				ENABLE_NS_ASSERTIONS = NO;
				ENABLE_STRICT_OBJC_MSGSEND = YES;
				GCC_C_LANGUAGE_STANDARD = gnu99;
				GCC_NO_COMMON_BLOCKS = YES;
				GCC_WARN_64_TO_32_BIT_CONVERSION = YES;
				GCC_WARN_ABOUT_RETURN_TYPE = YES_ERROR;
				GCC_WARN_UNDECLARED_SELECTOR = YES;
				GCC_WARN_UNINITIALIZED_AUTOS = YES_AGGRESSIVE;
				GCC_WARN_UNUSED_FUNCTION = YES;
				GCC_WARN_UNUSED_VARIABLE = YES;
				IPHONEOS_DEPLOYMENT_TARGET = 9.1;
				MTL_ENABLE_DEBUG_INFO = NO;
				SDKROOT = iphoneos;
				VALIDATE_PRODUCT = YES;
			};
			name = Release;
		};
		2770058C1C04DE61003815DD /* Debug */ = {
			isa = XCBuildConfiguration;
			buildSettings = {
				ASSETCATALOG_COMPILER_APPICON_NAME = AppIcon;
				INFOPLIST_FILE = SharedCard/Info.plist;
				LD_RUNPATH_SEARCH_PATHS = "$(inherited) @executable_path/Frameworks";
				PRODUCT_BUNDLE_IDENTIFIER = Y.SharedCard;
				PRODUCT_NAME = "$(TARGET_NAME)";
			};
			name = Debug;
		};
		2770058D1C04DE61003815DD /* Release */ = {
			isa = XCBuildConfiguration;
			buildSettings = {
				ASSETCATALOG_COMPILER_APPICON_NAME = AppIcon;
				INFOPLIST_FILE = SharedCard/Info.plist;
				LD_RUNPATH_SEARCH_PATHS = "$(inherited) @executable_path/Frameworks";
				PRODUCT_BUNDLE_IDENTIFIER = Y.SharedCard;
				PRODUCT_NAME = "$(TARGET_NAME)";
			};
			name = Release;
		};
		2770058F1C04DE61003815DD /* Debug */ = {
			isa = XCBuildConfiguration;
			buildSettings = {
				BUNDLE_LOADER = "$(TEST_HOST)";
				INFOPLIST_FILE = SharedCardTests/Info.plist;
				LD_RUNPATH_SEARCH_PATHS = "$(inherited) @executable_path/Frameworks @loader_path/Frameworks";
				PRODUCT_BUNDLE_IDENTIFIER = Y.SharedCardTests;
				PRODUCT_NAME = "$(TARGET_NAME)";
				TEST_HOST = "$(BUILT_PRODUCTS_DIR)/SharedCard.app/SharedCard";
			};
			name = Debug;
		};
		277005901C04DE61003815DD /* Release */ = {
			isa = XCBuildConfiguration;
			buildSettings = {
				BUNDLE_LOADER = "$(TEST_HOST)";
				INFOPLIST_FILE = SharedCardTests/Info.plist;
				LD_RUNPATH_SEARCH_PATHS = "$(inherited) @executable_path/Frameworks @loader_path/Frameworks";
				PRODUCT_BUNDLE_IDENTIFIER = Y.SharedCardTests;
				PRODUCT_NAME = "$(TARGET_NAME)";
				TEST_HOST = "$(BUILT_PRODUCTS_DIR)/SharedCard.app/SharedCard";
			};
			name = Release;
		};
		277005921C04DE61003815DD /* Debug */ = {
			isa = XCBuildConfiguration;
			buildSettings = {
				INFOPLIST_FILE = SharedCardUITests/Info.plist;
				LD_RUNPATH_SEARCH_PATHS = "$(inherited) @executable_path/Frameworks @loader_path/Frameworks";
				PRODUCT_BUNDLE_IDENTIFIER = Y.SharedCardUITests;
				PRODUCT_NAME = "$(TARGET_NAME)";
				TEST_TARGET_NAME = SharedCard;
				USES_XCTRUNNER = YES;
			};
			name = Debug;
		};
		277005931C04DE61003815DD /* Release */ = {
			isa = XCBuildConfiguration;
			buildSettings = {
				INFOPLIST_FILE = SharedCardUITests/Info.plist;
				LD_RUNPATH_SEARCH_PATHS = "$(inherited) @executable_path/Frameworks @loader_path/Frameworks";
				PRODUCT_BUNDLE_IDENTIFIER = Y.SharedCardUITests;
				PRODUCT_NAME = "$(TARGET_NAME)";
				TEST_TARGET_NAME = SharedCard;
				USES_XCTRUNNER = YES;
			};
			name = Release;
		};
/* End XCBuildConfiguration section */

/* Begin XCConfigurationList section */
		277005591C04DE61003815DD /* Build configuration list for PBXProject "SharedCard" */ = {
			isa = XCConfigurationList;
			buildConfigurations = (
				277005891C04DE61003815DD /* Debug */,
				2770058A1C04DE61003815DD /* Release */,
			);
			defaultConfigurationIsVisible = 0;
			defaultConfigurationName = Release;
		};
		2770058B1C04DE61003815DD /* Build configuration list for PBXNativeTarget "SharedCard" */ = {
			isa = XCConfigurationList;
			buildConfigurations = (
				2770058C1C04DE61003815DD /* Debug */,
				2770058D1C04DE61003815DD /* Release */,
			);
			defaultConfigurationIsVisible = 0;
		};
		2770058E1C04DE61003815DD /* Build configuration list for PBXNativeTarget "SharedCardTests" */ = {
			isa = XCConfigurationList;
			buildConfigurations = (
				2770058F1C04DE61003815DD /* Debug */,
				277005901C04DE61003815DD /* Release */,
			);
			defaultConfigurationIsVisible = 0;
		};
		277005911C04DE61003815DD /* Build configuration list for PBXNativeTarget "SharedCardUITests" */ = {
			isa = XCConfigurationList;
			buildConfigurations = (
				277005921C04DE61003815DD /* Debug */,
				277005931C04DE61003815DD /* Release */,
			);
			defaultConfigurationIsVisible = 0;
		};
/* End XCConfigurationList section */
	};
	rootObject = 277005561C04DE61003815DD /* Project object */;
}
